// !$*UTF8*$!
{
	archiveVersion = 1;
	classes = {
	};
	objectVersion = 48;
	objects = {

/* Begin PBXBuildFile section */
		167A9CDB297CD94C12CE7A43 /* YunKits.podspec in Resources */ = {isa = PBXBuildFile; fileRef = 167A9E4232DADA6CAE3142DC /* YunKits.podspec */; };
		1D4D2038FE8F2DDAF957B0FB /* YunURLHelper.h in Headers */ = {isa = PBXBuildFile; fileRef = 1D4D240504ABB75A9FE3E546 /* YunURLHelper.h */; };
		1D4D203F6C7BDC02C81CAF46 /* YunTypeDefine.m in Sources */ = {isa = PBXBuildFile; fileRef = 1D4D2DD1D79E092B68A945F2 /* YunTypeDefine.m */; };
		1D4D20C8BBC2E27998231E55 /* YunDownLoadHelper.h in Headers */ = {isa = PBXBuildFile; fileRef = 1D4D2AE6C86AA495614284C6 /* YunDownLoadHelper.h */; };
		1D4D20F29FAF90544E0991FA /* YunTypeDefine.h in Headers */ = {isa = PBXBuildFile; fileRef = 1D4D2B37AAD5BE79694ED6F0 /* YunTypeDefine.h */; };
		1D4D210B006F21B6BCC58850 /* YunKeyBoardHelper.m in Sources */ = {isa = PBXBuildFile; fileRef = 1D4D28449046C0A07FFE9FF3 /* YunKeyBoardHelper.m */; };
		1D4D21671C2D624905407F3E /* YunSystemHelper.h in Headers */ = {isa = PBXBuildFile; fileRef = 1D4D2F23CAFD3BE073D78F56 /* YunSystemHelper.h */; };
		1D4D21BF509A1114F8847F00 /* YunTableViewHeaderFooterView.m in Sources */ = {isa = PBXBuildFile; fileRef = 1D4D2A7BEFB08B32EC81F6CD /* YunTableViewHeaderFooterView.m */; };
		1D4D21DCDCE3E2C6D72C6036 /* YunViewController.m in Sources */ = {isa = PBXBuildFile; fileRef = 1D4D2B1DB011C7103A128854 /* YunViewController.m */; };
		1D4D2241954B20AE14C65510 /* YunVideoHelper.m in Sources */ = {isa = PBXBuildFile; fileRef = 1D4D28728E6315FB7C3C9BC6 /* YunVideoHelper.m */; };
		1D4D22498AA5E42363012768 /* YunViewHelper.h in Headers */ = {isa = PBXBuildFile; fileRef = 1D4D2B2466788388A2F2A23F /* YunViewHelper.h */; };
		1D4D22C890CD39952AF1AE9C /* YunUITabBarItemFactory.m in Sources */ = {isa = PBXBuildFile; fileRef = 1D4D26FE195AF452DF875321 /* YunUITabBarItemFactory.m */; };
		1D4D22DE2FC54DD1E38DFF71 /* YunSystemHelper.m in Sources */ = {isa = PBXBuildFile; fileRef = 1D4D22252F7797834A5158F1 /* YunSystemHelper.m */; };
		1D4D2331A780908D17012D19 /* YunConfig.m in Sources */ = {isa = PBXBuildFile; fileRef = 1D4D2C28E081EE8EBF4F9E2A /* YunConfig.m */; };
		1D4D237C28B46445ACDA65FB /* UIImage+YunAdd.m in Sources */ = {isa = PBXBuildFile; fileRef = 1D4D2C95E59F8FD4C390CAFF /* UIImage+YunAdd.m */; };
		1D4D24051FEA7D2E36143829 /* UIViewController+Nag.h in Headers */ = {isa = PBXBuildFile; fileRef = 1D4D2D468B4E6BEE05E4879C /* UIViewController+Nag.h */; };
		1D4D24136A47C105B6844251 /* UIFont+YunAdd.h in Headers */ = {isa = PBXBuildFile; fileRef = 1D4D2FE58BA30341ECE53D2E /* UIFont+YunAdd.h */; };
		1D4D24C54B8C3C416AFC69CE /* YunSchemesHelper.h in Headers */ = {isa = PBXBuildFile; fileRef = 1D4D228FCE01B6DB89A465B0 /* YunSchemesHelper.h */; };
		1D4D24CD5E9403FDEA153772 /* YunUUIDHelper.h in Headers */ = {isa = PBXBuildFile; fileRef = 1D4D2581D33D1BD4E2C5508A /* YunUUIDHelper.h */; };
		1D4D24CDBC6D76C6D2A2C7A5 /* YunRgxDefine.h in Headers */ = {isa = PBXBuildFile; fileRef = 1D4D2D77B5A5FF6C824C63CE /* YunRgxDefine.h */; };
		1D4D26BDD3195B339718F0E6 /* YunUUIDHelper.m in Sources */ = {isa = PBXBuildFile; fileRef = 1D4D28D824636361197C3B85 /* YunUUIDHelper.m */; };
		1D4D26E37A9E8AE21A3E3677 /* UIColor+YunAdd.h in Headers */ = {isa = PBXBuildFile; fileRef = 1D4D2CB8B1654A9D3ED074DD /* UIColor+YunAdd.h */; };
		1D4D26E82AE198A92C66BCD7 /* YunVcHelper.h in Headers */ = {isa = PBXBuildFile; fileRef = 1D4D2584B5E41F4F2046EDE5 /* YunVcHelper.h */; };
		1D4D27030E6DE88F8841A5A8 /* YunDownLoadHelper.m in Sources */ = {isa = PBXBuildFile; fileRef = 1D4D20B71D82C665F7CB1C89 /* YunDownLoadHelper.m */; };
		1D4D27199229FD11CA56A9F5 /* NSData+YunAdd.m in Sources */ = {isa = PBXBuildFile; fileRef = 1D4D2B3EFCB4A2AC65A05DA1 /* NSData+YunAdd.m */; };
		1D4D27351DEF531E3AD95B28 /* YunVersionHelper.m in Sources */ = {isa = PBXBuildFile; fileRef = 1D4D2778C17FA6C80B93F68B /* YunVersionHelper.m */; };
		1D4D2769CFF38BFE1620FF87 /* YunSchemesHelper.m in Sources */ = {isa = PBXBuildFile; fileRef = 1D4D2433CA95BA1D69011E8C /* YunSchemesHelper.m */; };
		1D4D282ABEBDBB2384246DF7 /* YunUITextFieldFactory.m in Sources */ = {isa = PBXBuildFile; fileRef = 1D4D28A550B7E0B59EBD9F2A /* YunUITextFieldFactory.m */; };
		1D4D288CCDF75DD272EF77ED /* YunLineHelper.h in Headers */ = {isa = PBXBuildFile; fileRef = 1D4D21B4B81D41EBA805A623 /* YunLineHelper.h */; };
		1D4D2897F69C3D308261C160 /* YunAppItem.h in Headers */ = {isa = PBXBuildFile; fileRef = 1D4D2CABB7AA47CC5BA752A1 /* YunAppItem.h */; };
		1D4D28A2969F6DAA08EB5DC3 /* YunVideoHelper.h in Headers */ = {isa = PBXBuildFile; fileRef = 1D4D255456826EEFA7647223 /* YunVideoHelper.h */; };
		1D4D28B1BD26DECFFDAD6AAF /* YunURLHelper.m in Sources */ = {isa = PBXBuildFile; fileRef = 1D4D297106939E517AAD1B9F /* YunURLHelper.m */; };
		1D4D2902CDCEF256FB7AD66B /* YunBase64Helper.m in Sources */ = {isa = PBXBuildFile; fileRef = 1D4D2154008B8770CACD0DE2 /* YunBase64Helper.m */; };
		1D4D290AEC5F0A14CB4F4782 /* YunFileHelper.h in Headers */ = {isa = PBXBuildFile; fileRef = 1D4D292AD0F8DCA1CAF0CD35 /* YunFileHelper.h */; };
		1D4D294383F31A93CD8867DE /* YunUITextFieldFactory.h in Headers */ = {isa = PBXBuildFile; fileRef = 1D4D2E8BD3FA3150D3713108 /* YunUITextFieldFactory.h */; };
		1D4D2955E937B495DFE658DB /* YunTableViewHeaderFooterView.h in Headers */ = {isa = PBXBuildFile; fileRef = 1D4D224D30496A31E474B0EA /* YunTableViewHeaderFooterView.h */; };
		1D4D296BED3B12736CE2F3E2 /* YunVersionHelper.h in Headers */ = {isa = PBXBuildFile; fileRef = 1D4D2AE4A0D1409D50C7B10D /* YunVersionHelper.h */; };
		1D4D2979C86A81355D42236A /* NSTimer+YunAdd.h in Headers */ = {isa = PBXBuildFile; fileRef = 1D4D229BEE7A93E4E2837266 /* NSTimer+YunAdd.h */; };
		1D4D29B4C9FADA56E9A196C3 /* UIViewController+Nag.m in Sources */ = {isa = PBXBuildFile; fileRef = 1D4D29F1330E5AB6FC8928B0 /* UIViewController+Nag.m */; };
		1D4D29DCDE30D06D03EBB8EA /* YunImageHelper.h in Headers */ = {isa = PBXBuildFile; fileRef = 1D4D254CD751B579F1D19B36 /* YunImageHelper.h */; };
		1D4D2A83DD636FFB9608630E /* UIFont+YunAdd.m in Sources */ = {isa = PBXBuildFile; fileRef = 1D4D2370F94BDF3EBC9FEE59 /* UIFont+YunAdd.m */; };
		1D4D2AF8897B34304841FDB1 /* YunViewController.h in Headers */ = {isa = PBXBuildFile; fileRef = 1D4D2B495659FCDB351B5DAA /* YunViewController.h */; };
		1D4D2AF9F7D586E173A48BDF /* NSTimer+YunAdd.m in Sources */ = {isa = PBXBuildFile; fileRef = 1D4D2F51FC8BDCA29A110266 /* NSTimer+YunAdd.m */; };
		1D4D2B10831496858E530AAB /* UIViewYunAddHeader.h in Headers */ = {isa = PBXBuildFile; fileRef = 1D4D206ECED163D337FC9C62 /* UIViewYunAddHeader.h */; };
		1D4D2B382733CBAC27161E1D /* YunRgxDefine.m in Sources */ = {isa = PBXBuildFile; fileRef = 1D4D2D87AC52296B679817CE /* YunRgxDefine.m */; };
		1D4D2B9C14A78E8E955160F6 /* YunUITabBarItemFactory.h in Headers */ = {isa = PBXBuildFile; fileRef = 1D4D2309F728542D3D1894FD /* YunUITabBarItemFactory.h */; };
		1D4D2BBF2E8435F1B0C25F67 /* NSObjectYunAddHeader.h in Headers */ = {isa = PBXBuildFile; fileRef = 1D4D20B88DB8EB25B140689C /* NSObjectYunAddHeader.h */; };
		1D4D2BDCB654FD2FDE9AC07D /* NSData+YunAdd.h in Headers */ = {isa = PBXBuildFile; fileRef = 1D4D271F65ECFF6BE0D27311 /* NSData+YunAdd.h */; };
		1D4D2BE2337EC4F8F8BBCFCE /* NSURL+YunAdd.m in Sources */ = {isa = PBXBuildFile; fileRef = 1D4D20F207ECBF46FA1D41EC /* NSURL+YunAdd.m */; };
		1D4D2C2032801C2261C1FCA1 /* YunVcHelper.m in Sources */ = {isa = PBXBuildFile; fileRef = 1D4D2473E184165060EF236A /* YunVcHelper.m */; };
		1D4D2C7B115BF7BBEBAA058F /* NSURL+YunAdd.h in Headers */ = {isa = PBXBuildFile; fileRef = 1D4D23A10D2FE3D966FA6AE0 /* NSURL+YunAdd.h */; };
		1D4D2CA0855AD1265152AD02 /* UIImage+YunAdd.h in Headers */ = {isa = PBXBuildFile; fileRef = 1D4D26DC5CA28C8B38CE2823 /* UIImage+YunAdd.h */; };
		1D4D2CD9E96EC147B6DD27D1 /* YunBase64Helper.h in Headers */ = {isa = PBXBuildFile; fileRef = 1D4D25A12224DEBF93754CCE /* YunBase64Helper.h */; };
		1D4D2CFA308566F8BCA14135 /* YunAppItem.m in Sources */ = {isa = PBXBuildFile; fileRef = 1D4D216DA33F979EDBF8D744 /* YunAppItem.m */; };
		1D4D2D3B27D7307C03463FE6 /* YunKeyBoardHelper.h in Headers */ = {isa = PBXBuildFile; fileRef = 1D4D21198136E75EFEA38FB0 /* YunKeyBoardHelper.h */; };
		1D4D2DA898D84844EADDF1E1 /* YunImageHelper.m in Sources */ = {isa = PBXBuildFile; fileRef = 1D4D228311555E11B154BC2C /* YunImageHelper.m */; };
		1D4D2DEA435FE67A45E268C5 /* YunConfig.h in Headers */ = {isa = PBXBuildFile; fileRef = 1D4D218E35BBE9F997027576 /* YunConfig.h */; };
		1D4D2DF1339F30A4AFE5A23E /* YunFileHelper.m in Sources */ = {isa = PBXBuildFile; fileRef = 1D4D24E38AD6C697301FBED1 /* YunFileHelper.m */; };
		1D4D2E6466ABB4C850A3AC73 /* YunLineHelper.m in Sources */ = {isa = PBXBuildFile; fileRef = 1D4D25518FF596B32850EA56 /* YunLineHelper.m */; };
		1D4D2EF22AB5BBF4F5D61DBB /* YunRgxHelper.m in Sources */ = {isa = PBXBuildFile; fileRef = 1D4D26C0175C9041834F72FF /* YunRgxHelper.m */; };
		1D4D2F8758DF3B9BFBD076AE /* UIColor+YunAdd.m in Sources */ = {isa = PBXBuildFile; fileRef = 1D4D22A98DC9212410CDA244 /* UIColor+YunAdd.m */; };
		1D4D2F96EF8EEED1DCAC24D6 /* YunRgxHelper.h in Headers */ = {isa = PBXBuildFile; fileRef = 1D4D2EFFC28A57964FBF0417 /* YunRgxHelper.h */; };
		1D4D2FCC81EE7DF131E32450 /* YunViewHelper.m in Sources */ = {isa = PBXBuildFile; fileRef = 1D4D21CBA12AF9BA0B21D398 /* YunViewHelper.m */; };
		6659F16E4290FE22A2332161 /* libPods-YunKits.a in Frameworks */ = {isa = PBXBuildFile; fileRef = CEE9A9013BBAA01B96475858 /* libPods-YunKits.a */; };
		AEC409C31EFB5C610077F4BA /* YunKits.h in Headers */ = {isa = PBXBuildFile; fileRef = AEC409C11EFB5C610077F4BA /* YunKits.h */; settings = {ATTRIBUTES = (Public, ); }; };
		AEC40A671EFB5E5B0077F4BA /* YunView.h in Headers */ = {isa = PBXBuildFile; fileRef = AEC409CC1EFB5E5B0077F4BA /* YunView.h */; };
		AEC40A681EFB5E5B0077F4BA /* YunView.m in Sources */ = {isa = PBXBuildFile; fileRef = AEC409CD1EFB5E5B0077F4BA /* YunView.m */; };
		AEC40A691EFB5E5B0077F4BA /* YunTableViewCell.h in Headers */ = {isa = PBXBuildFile; fileRef = AEC409CE1EFB5E5B0077F4BA /* YunTableViewCell.h */; };
		AEC40A6A1EFB5E5B0077F4BA /* YunTableViewCell.m in Sources */ = {isa = PBXBuildFile; fileRef = AEC409CF1EFB5E5B0077F4BA /* YunTableViewCell.m */; };
		AEC40A6B1EFB5E5B0077F4BA /* NSError+YunAdd.h in Headers */ = {isa = PBXBuildFile; fileRef = AEC409D21EFB5E5B0077F4BA /* NSError+YunAdd.h */; };
		AEC40A6C1EFB5E5B0077F4BA /* NSError+YunAdd.m in Sources */ = {isa = PBXBuildFile; fileRef = AEC409D31EFB5E5B0077F4BA /* NSError+YunAdd.m */; };
		AEC40A6D1EFB5E5B0077F4BA /* NSObject+YunAdd.h in Headers */ = {isa = PBXBuildFile; fileRef = AEC409D41EFB5E5B0077F4BA /* NSObject+YunAdd.h */; };
		AEC40A6E1EFB5E5B0077F4BA /* NSObject+YunAdd.m in Sources */ = {isa = PBXBuildFile; fileRef = AEC409D51EFB5E5B0077F4BA /* NSObject+YunAdd.m */; };
		AEC40A6F1EFB5E5B0077F4BA /* NSString+YunAdd.h in Headers */ = {isa = PBXBuildFile; fileRef = AEC409D61EFB5E5B0077F4BA /* NSString+YunAdd.h */; };
		AEC40A701EFB5E5B0077F4BA /* NSString+YunAdd.m in Sources */ = {isa = PBXBuildFile; fileRef = AEC409D71EFB5E5B0077F4BA /* NSString+YunAdd.m */; };
		AEC40A771EFB5E5B0077F4BA /* NYXImagesHelper.h in Headers */ = {isa = PBXBuildFile; fileRef = AEC409E01EFB5E5B0077F4BA /* NYXImagesHelper.h */; };
		AEC40A781EFB5E5B0077F4BA /* NYXImagesHelper.m in Sources */ = {isa = PBXBuildFile; fileRef = AEC409E11EFB5E5B0077F4BA /* NYXImagesHelper.m */; };
		AEC40A791EFB5E5B0077F4BA /* UIImage+Resizing.h in Headers */ = {isa = PBXBuildFile; fileRef = AEC409E21EFB5E5B0077F4BA /* UIImage+Resizing.h */; };
		AEC40A7A1EFB5E5B0077F4BA /* UIImage+Resizing.m in Sources */ = {isa = PBXBuildFile; fileRef = AEC409E31EFB5E5B0077F4BA /* UIImage+Resizing.m */; };
		AEC40A7D1EFB5E5B0077F4BA /* UIButton+YunAdd.h in Headers */ = {isa = PBXBuildFile; fileRef = AEC409E71EFB5E5B0077F4BA /* UIButton+YunAdd.h */; };
		AEC40A7E1EFB5E5B0077F4BA /* UIButton+YunAdd.m in Sources */ = {isa = PBXBuildFile; fileRef = AEC409E81EFB5E5B0077F4BA /* UIButton+YunAdd.m */; };
		AEC40A7F1EFB5E5B0077F4BA /* UIImageView+YunAdd.h in Headers */ = {isa = PBXBuildFile; fileRef = AEC409E91EFB5E5B0077F4BA /* UIImageView+YunAdd.h */; };
		AEC40A801EFB5E5B0077F4BA /* UIImageView+YunAdd.m in Sources */ = {isa = PBXBuildFile; fileRef = AEC409EA1EFB5E5B0077F4BA /* UIImageView+YunAdd.m */; };
		AEC40A811EFB5E5B0077F4BA /* UILabel+Style.h in Headers */ = {isa = PBXBuildFile; fileRef = AEC409EB1EFB5E5B0077F4BA /* UILabel+Style.h */; };
		AEC40A821EFB5E5B0077F4BA /* UILabel+Style.m in Sources */ = {isa = PBXBuildFile; fileRef = AEC409EC1EFB5E5B0077F4BA /* UILabel+Style.m */; };
		AEC40A831EFB5E5B0077F4BA /* UILabel+YunAdd.h in Headers */ = {isa = PBXBuildFile; fileRef = AEC409ED1EFB5E5B0077F4BA /* UILabel+YunAdd.h */; };
		AEC40A841EFB5E5B0077F4BA /* UILabel+YunAdd.m in Sources */ = {isa = PBXBuildFile; fileRef = AEC409EE1EFB5E5B0077F4BA /* UILabel+YunAdd.m */; };
		AEC40A851EFB5E5B0077F4BA /* UISearchBar+YunAdd.h in Headers */ = {isa = PBXBuildFile; fileRef = AEC409EF1EFB5E5B0077F4BA /* UISearchBar+YunAdd.h */; };
		AEC40A861EFB5E5B0077F4BA /* UISearchBar+YunAdd.m in Sources */ = {isa = PBXBuildFile; fileRef = AEC409F01EFB5E5B0077F4BA /* UISearchBar+YunAdd.m */; };
		AEC40A871EFB5E5B0077F4BA /* UITabBar+YunAdd.h in Headers */ = {isa = PBXBuildFile; fileRef = AEC409F11EFB5E5B0077F4BA /* UITabBar+YunAdd.h */; };
		AEC40A881EFB5E5B0077F4BA /* UITabBar+YunAdd.m in Sources */ = {isa = PBXBuildFile; fileRef = AEC409F21EFB5E5B0077F4BA /* UITabBar+YunAdd.m */; };
		AEC40A891EFB5E5B0077F4BA /* UITextField+YunAdd.h in Headers */ = {isa = PBXBuildFile; fileRef = AEC409F31EFB5E5B0077F4BA /* UITextField+YunAdd.h */; };
		AEC40A8A1EFB5E5B0077F4BA /* UITextField+YunAdd.m in Sources */ = {isa = PBXBuildFile; fileRef = AEC409F41EFB5E5B0077F4BA /* UITextField+YunAdd.m */; };
		AEC40A8B1EFB5E5B0077F4BA /* UITextView+YunAdd.h in Headers */ = {isa = PBXBuildFile; fileRef = AEC409F51EFB5E5B0077F4BA /* UITextView+YunAdd.h */; };
		AEC40A8C1EFB5E5B0077F4BA /* UITextView+YunAdd.m in Sources */ = {isa = PBXBuildFile; fileRef = AEC409F61EFB5E5B0077F4BA /* UITextView+YunAdd.m */; };
		AEC40A8D1EFB5E5B0077F4BA /* UIView+YunAdd.h in Headers */ = {isa = PBXBuildFile; fileRef = AEC409F71EFB5E5B0077F4BA /* UIView+YunAdd.h */; };
		AEC40A8E1EFB5E5B0077F4BA /* UIView+YunAdd.m in Sources */ = {isa = PBXBuildFile; fileRef = AEC409F81EFB5E5B0077F4BA /* UIView+YunAdd.m */; };
		AEC40A8F1EFB5E5B0077F4BA /* YunAttributedStringFactory.h in Headers */ = {isa = PBXBuildFile; fileRef = AEC409FA1EFB5E5B0077F4BA /* YunAttributedStringFactory.h */; };
		AEC40A901EFB5E5B0077F4BA /* YunAttributedStringFactory.m in Sources */ = {isa = PBXBuildFile; fileRef = AEC409FB1EFB5E5B0077F4BA /* YunAttributedStringFactory.m */; };
		AEC40A911EFB5E5B0077F4BA /* YunFactory.h in Headers */ = {isa = PBXBuildFile; fileRef = AEC409FC1EFB5E5B0077F4BA /* YunFactory.h */; };
		AEC40A921EFB5E5B0077F4BA /* YunUITableViewFactory.h in Headers */ = {isa = PBXBuildFile; fileRef = AEC409FD1EFB5E5B0077F4BA /* YunUITableViewFactory.h */; };
		AEC40A931EFB5E5B0077F4BA /* YunUITableViewFactory.m in Sources */ = {isa = PBXBuildFile; fileRef = AEC409FE1EFB5E5B0077F4BA /* YunUITableViewFactory.m */; };
		AEC40A941EFB5E5B0077F4BA /* YunUIBarButtonItemFactory.h in Headers */ = {isa = PBXBuildFile; fileRef = AEC409FF1EFB5E5B0077F4BA /* YunUIBarButtonItemFactory.h */; };
		AEC40A951EFB5E5B0077F4BA /* YunUIBarButtonItemFactory.m in Sources */ = {isa = PBXBuildFile; fileRef = AEC40A001EFB5E5B0077F4BA /* YunUIBarButtonItemFactory.m */; };
		AEC40A961EFB5E5B0077F4BA /* YunUIButtonFactory.h in Headers */ = {isa = PBXBuildFile; fileRef = AEC40A011EFB5E5B0077F4BA /* YunUIButtonFactory.h */; };
		AEC40A971EFB5E5B0077F4BA /* YunUIButtonFactory.m in Sources */ = {isa = PBXBuildFile; fileRef = AEC40A021EFB5E5B0077F4BA /* YunUIButtonFactory.m */; };
		AEC40A981EFB5E5B0077F4BA /* YunUIImageViewFactory.h in Headers */ = {isa = PBXBuildFile; fileRef = AEC40A031EFB5E5B0077F4BA /* YunUIImageViewFactory.h */; };
		AEC40A991EFB5E5B0077F4BA /* YunUIImageViewFactory.m in Sources */ = {isa = PBXBuildFile; fileRef = AEC40A041EFB5E5B0077F4BA /* YunUIImageViewFactory.m */; };
		AEC40A9A1EFB5E5B0077F4BA /* YunUILabelFactory.h in Headers */ = {isa = PBXBuildFile; fileRef = AEC40A051EFB5E5B0077F4BA /* YunUILabelFactory.h */; };
		AEC40A9B1EFB5E5B0077F4BA /* YunUILabelFactory.m in Sources */ = {isa = PBXBuildFile; fileRef = AEC40A061EFB5E5B0077F4BA /* YunUILabelFactory.m */; };
		AEC40A9C1EFB5E5B0077F4BA /* YunUISearchBarFactory.h in Headers */ = {isa = PBXBuildFile; fileRef = AEC40A071EFB5E5B0077F4BA /* YunUISearchBarFactory.h */; };
		AEC40A9D1EFB5E5B0077F4BA /* YunUISearchBarFactory.m in Sources */ = {isa = PBXBuildFile; fileRef = AEC40A081EFB5E5B0077F4BA /* YunUISearchBarFactory.m */; };
		AEC40A9E1EFB5E5B0077F4BA /* YunUIViewFactory.h in Headers */ = {isa = PBXBuildFile; fileRef = AEC40A091EFB5E5B0077F4BA /* YunUIViewFactory.h */; };
		AEC40A9F1EFB5E5B0077F4BA /* YunUIViewFactory.m in Sources */ = {isa = PBXBuildFile; fileRef = AEC40A0A1EFB5E5B0077F4BA /* YunUIViewFactory.m */; };
		AEC40AA21EFB5E5B0077F4BA /* YunGlobalDefine.h in Headers */ = {isa = PBXBuildFile; fileRef = AEC40A0E1EFB5E5B0077F4BA /* YunGlobalDefine.h */; };
		AEC40ADD1EFB5E5B0077F4BA /* YunCalTime.h in Headers */ = {isa = PBXBuildFile; fileRef = AEC40A4F1EFB5E5B0077F4BA /* YunCalTime.h */; };
		AEC40ADE1EFB5E5B0077F4BA /* YunCalTime.m in Sources */ = {isa = PBXBuildFile; fileRef = AEC40A501EFB5E5B0077F4BA /* YunCalTime.m */; };
		AEC40ADF1EFB5E5B0077F4BA /* YunPinYinTool.h in Headers */ = {isa = PBXBuildFile; fileRef = AEC40A511EFB5E5B0077F4BA /* YunPinYinTool.h */; };
		AEC40AE01EFB5E5B0077F4BA /* YunPinYinTool.m in Sources */ = {isa = PBXBuildFile; fileRef = AEC40A521EFB5E5B0077F4BA /* YunPinYinTool.m */; };
		AEC40AE11EFB5E5B0077F4BA /* YunDateHelper.h in Headers */ = {isa = PBXBuildFile; fileRef = AEC40A531EFB5E5B0077F4BA /* YunDateHelper.h */; };
		AEC40AE21EFB5E5B0077F4BA /* YunDateHelper.m in Sources */ = {isa = PBXBuildFile; fileRef = AEC40A541EFB5E5B0077F4BA /* YunDateHelper.m */; };
		AEC40AE31EFB5E5B0077F4BA /* YunIdCardHelper.h in Headers */ = {isa = PBXBuildFile; fileRef = AEC40A551EFB5E5B0077F4BA /* YunIdCardHelper.h */; };
		AEC40AE41EFB5E5B0077F4BA /* YunIdCardHelper.m in Sources */ = {isa = PBXBuildFile; fileRef = AEC40A561EFB5E5B0077F4BA /* YunIdCardHelper.m */; };
		AEC40AE51EFB5E5B0077F4BA /* YunNetworkHelper.h in Headers */ = {isa = PBXBuildFile; fileRef = AEC40A571EFB5E5B0077F4BA /* YunNetworkHelper.h */; };
		AEC40AE61EFB5E5B0077F4BA /* YunNetworkHelper.m in Sources */ = {isa = PBXBuildFile; fileRef = AEC40A581EFB5E5B0077F4BA /* YunNetworkHelper.m */; };
		AEC40AE71EFB5E5B0077F4BA /* YunSizeHelper.h in Headers */ = {isa = PBXBuildFile; fileRef = AEC40A591EFB5E5B0077F4BA /* YunSizeHelper.h */; };
		AEC40AE81EFB5E5B0077F4BA /* YunSizeHelper.m in Sources */ = {isa = PBXBuildFile; fileRef = AEC40A5A1EFB5E5B0077F4BA /* YunSizeHelper.m */; };
		AEC40AE91EFB5E5B0077F4BA /* YunAppInfo.h in Headers */ = {isa = PBXBuildFile; fileRef = AEC40A5B1EFB5E5B0077F4BA /* YunAppInfo.h */; };
		AEC40AEA1EFB5E5B0077F4BA /* YunAppInfo.m in Sources */ = {isa = PBXBuildFile; fileRef = AEC40A5C1EFB5E5B0077F4BA /* YunAppInfo.m */; };
		AEC40AEB1EFB5E5B0077F4BA /* YunSystemMediaHelper.h in Headers */ = {isa = PBXBuildFile; fileRef = AEC40A5D1EFB5E5B0077F4BA /* YunSystemMediaHelper.h */; };
		AEC40AEC1EFB5E5B0077F4BA /* YunSystemMediaHelper.m in Sources */ = {isa = PBXBuildFile; fileRef = AEC40A5E1EFB5E5B0077F4BA /* YunSystemMediaHelper.m */; };
		AEC40AED1EFB5E5B0077F4BA /* YunTheme.h in Headers */ = {isa = PBXBuildFile; fileRef = AEC40A5F1EFB5E5B0077F4BA /* YunTheme.h */; };
		AEC40AEE1EFB5E5B0077F4BA /* YunTheme.m in Sources */ = {isa = PBXBuildFile; fileRef = AEC40A601EFB5E5B0077F4BA /* YunTheme.m */; };
		AEC40AEF1EFB5E5B0077F4BA /* YunValueHelper.h in Headers */ = {isa = PBXBuildFile; fileRef = AEC40A611EFB5E5B0077F4BA /* YunValueHelper.h */; };
		AEC40AF01EFB5E5B0077F4BA /* YunValueHelper.m in Sources */ = {isa = PBXBuildFile; fileRef = AEC40A621EFB5E5B0077F4BA /* YunValueHelper.m */; };
		AEC40AF11EFB5E5B0077F4BA /* YunValueVerifier.h in Headers */ = {isa = PBXBuildFile; fileRef = AEC40A631EFB5E5B0077F4BA /* YunValueVerifier.h */; };
		AEC40AF21EFB5E5B0077F4BA /* YunValueVerifier.m in Sources */ = {isa = PBXBuildFile; fileRef = AEC40A641EFB5E5B0077F4BA /* YunValueVerifier.m */; };
		AEC40AF51EFB67900077F4BA /* UIKit.framework in Frameworks */ = {isa = PBXBuildFile; fileRef = AEC40AF41EFB67900077F4BA /* UIKit.framework */; };
/* End PBXBuildFile section */

/* Begin PBXFileReference section */
		167A9E4232DADA6CAE3142DC /* YunKits.podspec */ = {isa = PBXFileReference; lastKnownFileType = file.podspec; path = YunKits.podspec; sourceTree = "<group>"; };
		1D4D206ECED163D337FC9C62 /* UIViewYunAddHeader.h */ = {isa = PBXFileReference; fileEncoding = 4; lastKnownFileType = sourcecode.c.h; path = UIViewYunAddHeader.h; sourceTree = "<group>"; };
		1D4D20B71D82C665F7CB1C89 /* YunDownLoadHelper.m */ = {isa = PBXFileReference; fileEncoding = 4; lastKnownFileType = sourcecode.c.objc; path = YunDownLoadHelper.m; sourceTree = "<group>"; };
		1D4D20B88DB8EB25B140689C /* NSObjectYunAddHeader.h */ = {isa = PBXFileReference; fileEncoding = 4; lastKnownFileType = sourcecode.c.h; path = NSObjectYunAddHeader.h; sourceTree = "<group>"; };
		1D4D20F207ECBF46FA1D41EC /* NSURL+YunAdd.m */ = {isa = PBXFileReference; fileEncoding = 4; lastKnownFileType = sourcecode.c.objc; path = "NSURL+YunAdd.m"; sourceTree = "<group>"; };
		1D4D21198136E75EFEA38FB0 /* YunKeyBoardHelper.h */ = {isa = PBXFileReference; fileEncoding = 4; lastKnownFileType = sourcecode.c.h; path = YunKeyBoardHelper.h; sourceTree = "<group>"; };
		1D4D2154008B8770CACD0DE2 /* YunBase64Helper.m */ = {isa = PBXFileReference; fileEncoding = 4; lastKnownFileType = sourcecode.c.objc; path = YunBase64Helper.m; sourceTree = "<group>"; };
		1D4D216DA33F979EDBF8D744 /* YunAppItem.m */ = {isa = PBXFileReference; fileEncoding = 4; lastKnownFileType = sourcecode.c.objc; path = YunAppItem.m; sourceTree = "<group>"; };
		1D4D218E35BBE9F997027576 /* YunConfig.h */ = {isa = PBXFileReference; fileEncoding = 4; lastKnownFileType = sourcecode.c.h; path = YunConfig.h; sourceTree = "<group>"; };
		1D4D21B4B81D41EBA805A623 /* YunLineHelper.h */ = {isa = PBXFileReference; fileEncoding = 4; lastKnownFileType = sourcecode.c.h; path = YunLineHelper.h; sourceTree = "<group>"; };
		1D4D21CBA12AF9BA0B21D398 /* YunViewHelper.m */ = {isa = PBXFileReference; fileEncoding = 4; lastKnownFileType = sourcecode.c.objc; path = YunViewHelper.m; sourceTree = "<group>"; };
		1D4D22252F7797834A5158F1 /* YunSystemHelper.m */ = {isa = PBXFileReference; fileEncoding = 4; lastKnownFileType = sourcecode.c.objc; path = YunSystemHelper.m; sourceTree = "<group>"; };
		1D4D224D30496A31E474B0EA /* YunTableViewHeaderFooterView.h */ = {isa = PBXFileReference; fileEncoding = 4; lastKnownFileType = sourcecode.c.h; path = YunTableViewHeaderFooterView.h; sourceTree = "<group>"; };
		1D4D228311555E11B154BC2C /* YunImageHelper.m */ = {isa = PBXFileReference; fileEncoding = 4; lastKnownFileType = sourcecode.c.objc; path = YunImageHelper.m; sourceTree = "<group>"; };
		1D4D228FCE01B6DB89A465B0 /* YunSchemesHelper.h */ = {isa = PBXFileReference; fileEncoding = 4; lastKnownFileType = sourcecode.c.h; path = YunSchemesHelper.h; sourceTree = "<group>"; };
		1D4D229BEE7A93E4E2837266 /* NSTimer+YunAdd.h */ = {isa = PBXFileReference; fileEncoding = 4; lastKnownFileType = sourcecode.c.h; path = "NSTimer+YunAdd.h"; sourceTree = "<group>"; };
		1D4D22A98DC9212410CDA244 /* UIColor+YunAdd.m */ = {isa = PBXFileReference; fileEncoding = 4; lastKnownFileType = sourcecode.c.objc; path = "UIColor+YunAdd.m"; sourceTree = "<group>"; };
		1D4D2309F728542D3D1894FD /* YunUITabBarItemFactory.h */ = {isa = PBXFileReference; fileEncoding = 4; lastKnownFileType = sourcecode.c.h; path = YunUITabBarItemFactory.h; sourceTree = "<group>"; };
		1D4D2370F94BDF3EBC9FEE59 /* UIFont+YunAdd.m */ = {isa = PBXFileReference; fileEncoding = 4; lastKnownFileType = sourcecode.c.objc; path = "UIFont+YunAdd.m"; sourceTree = "<group>"; };
		1D4D23A10D2FE3D966FA6AE0 /* NSURL+YunAdd.h */ = {isa = PBXFileReference; fileEncoding = 4; lastKnownFileType = sourcecode.c.h; path = "NSURL+YunAdd.h"; sourceTree = "<group>"; };
		1D4D240504ABB75A9FE3E546 /* YunURLHelper.h */ = {isa = PBXFileReference; fileEncoding = 4; lastKnownFileType = sourcecode.c.h; path = YunURLHelper.h; sourceTree = "<group>"; };
		1D4D2433CA95BA1D69011E8C /* YunSchemesHelper.m */ = {isa = PBXFileReference; fileEncoding = 4; lastKnownFileType = sourcecode.c.objc; path = YunSchemesHelper.m; sourceTree = "<group>"; };
		1D4D2473E184165060EF236A /* YunVcHelper.m */ = {isa = PBXFileReference; fileEncoding = 4; lastKnownFileType = sourcecode.c.objc; path = YunVcHelper.m; sourceTree = "<group>"; };
		1D4D24E38AD6C697301FBED1 /* YunFileHelper.m */ = {isa = PBXFileReference; fileEncoding = 4; lastKnownFileType = sourcecode.c.objc; path = YunFileHelper.m; sourceTree = "<group>"; };
		1D4D254CD751B579F1D19B36 /* YunImageHelper.h */ = {isa = PBXFileReference; fileEncoding = 4; lastKnownFileType = sourcecode.c.h; path = YunImageHelper.h; sourceTree = "<group>"; };
		1D4D25518FF596B32850EA56 /* YunLineHelper.m */ = {isa = PBXFileReference; fileEncoding = 4; lastKnownFileType = sourcecode.c.objc; path = YunLineHelper.m; sourceTree = "<group>"; };
		1D4D255456826EEFA7647223 /* YunVideoHelper.h */ = {isa = PBXFileReference; fileEncoding = 4; lastKnownFileType = sourcecode.c.h; path = YunVideoHelper.h; sourceTree = "<group>"; };
		1D4D2581D33D1BD4E2C5508A /* YunUUIDHelper.h */ = {isa = PBXFileReference; fileEncoding = 4; lastKnownFileType = sourcecode.c.h; path = YunUUIDHelper.h; sourceTree = "<group>"; };
		1D4D2584B5E41F4F2046EDE5 /* YunVcHelper.h */ = {isa = PBXFileReference; fileEncoding = 4; lastKnownFileType = sourcecode.c.h; path = YunVcHelper.h; sourceTree = "<group>"; };
		1D4D25A12224DEBF93754CCE /* YunBase64Helper.h */ = {isa = PBXFileReference; fileEncoding = 4; lastKnownFileType = sourcecode.c.h; path = YunBase64Helper.h; sourceTree = "<group>"; };
		1D4D26C0175C9041834F72FF /* YunRgxHelper.m */ = {isa = PBXFileReference; fileEncoding = 4; lastKnownFileType = sourcecode.c.objc; path = YunRgxHelper.m; sourceTree = "<group>"; };
		1D4D26DC5CA28C8B38CE2823 /* UIImage+YunAdd.h */ = {isa = PBXFileReference; fileEncoding = 4; lastKnownFileType = sourcecode.c.h; path = "UIImage+YunAdd.h"; sourceTree = "<group>"; };
		1D4D26FE195AF452DF875321 /* YunUITabBarItemFactory.m */ = {isa = PBXFileReference; fileEncoding = 4; lastKnownFileType = sourcecode.c.objc; path = YunUITabBarItemFactory.m; sourceTree = "<group>"; };
		1D4D271F65ECFF6BE0D27311 /* NSData+YunAdd.h */ = {isa = PBXFileReference; fileEncoding = 4; lastKnownFileType = sourcecode.c.h; path = "NSData+YunAdd.h"; sourceTree = "<group>"; };
		1D4D2778C17FA6C80B93F68B /* YunVersionHelper.m */ = {isa = PBXFileReference; fileEncoding = 4; lastKnownFileType = sourcecode.c.objc; path = YunVersionHelper.m; sourceTree = "<group>"; };
		1D4D28449046C0A07FFE9FF3 /* YunKeyBoardHelper.m */ = {isa = PBXFileReference; fileEncoding = 4; lastKnownFileType = sourcecode.c.objc; path = YunKeyBoardHelper.m; sourceTree = "<group>"; };
		1D4D28728E6315FB7C3C9BC6 /* YunVideoHelper.m */ = {isa = PBXFileReference; fileEncoding = 4; lastKnownFileType = sourcecode.c.objc; path = YunVideoHelper.m; sourceTree = "<group>"; };
		1D4D28A550B7E0B59EBD9F2A /* YunUITextFieldFactory.m */ = {isa = PBXFileReference; fileEncoding = 4; lastKnownFileType = sourcecode.c.objc; path = YunUITextFieldFactory.m; sourceTree = "<group>"; };
		1D4D28D824636361197C3B85 /* YunUUIDHelper.m */ = {isa = PBXFileReference; fileEncoding = 4; lastKnownFileType = sourcecode.c.objc; path = YunUUIDHelper.m; sourceTree = "<group>"; };
		1D4D292AD0F8DCA1CAF0CD35 /* YunFileHelper.h */ = {isa = PBXFileReference; fileEncoding = 4; lastKnownFileType = sourcecode.c.h; path = YunFileHelper.h; sourceTree = "<group>"; };
		1D4D297106939E517AAD1B9F /* YunURLHelper.m */ = {isa = PBXFileReference; fileEncoding = 4; lastKnownFileType = sourcecode.c.objc; path = YunURLHelper.m; sourceTree = "<group>"; };
		1D4D2986658711F51DFD064E /* README.md */ = {isa = PBXFileReference; fileEncoding = 4; lastKnownFileType = net.daringfireball.markdown; path = README.md; sourceTree = "<group>"; };
		1D4D29F1330E5AB6FC8928B0 /* UIViewController+Nag.m */ = {isa = PBXFileReference; fileEncoding = 4; lastKnownFileType = sourcecode.c.objc; path = "UIViewController+Nag.m"; sourceTree = "<group>"; };
		1D4D2A7BEFB08B32EC81F6CD /* YunTableViewHeaderFooterView.m */ = {isa = PBXFileReference; fileEncoding = 4; lastKnownFileType = sourcecode.c.objc; path = YunTableViewHeaderFooterView.m; sourceTree = "<group>"; };
		1D4D2AE4A0D1409D50C7B10D /* YunVersionHelper.h */ = {isa = PBXFileReference; fileEncoding = 4; lastKnownFileType = sourcecode.c.h; path = YunVersionHelper.h; sourceTree = "<group>"; };
		1D4D2AE6C86AA495614284C6 /* YunDownLoadHelper.h */ = {isa = PBXFileReference; fileEncoding = 4; lastKnownFileType = sourcecode.c.h; path = YunDownLoadHelper.h; sourceTree = "<group>"; };
		1D4D2B1DB011C7103A128854 /* YunViewController.m */ = {isa = PBXFileReference; fileEncoding = 4; lastKnownFileType = sourcecode.c.objc; path = YunViewController.m; sourceTree = "<group>"; };
		1D4D2B2466788388A2F2A23F /* YunViewHelper.h */ = {isa = PBXFileReference; fileEncoding = 4; lastKnownFileType = sourcecode.c.h; path = YunViewHelper.h; sourceTree = "<group>"; };
		1D4D2B37AAD5BE79694ED6F0 /* YunTypeDefine.h */ = {isa = PBXFileReference; fileEncoding = 4; lastKnownFileType = sourcecode.c.h; path = YunTypeDefine.h; sourceTree = "<group>"; };
		1D4D2B3EFCB4A2AC65A05DA1 /* NSData+YunAdd.m */ = {isa = PBXFileReference; fileEncoding = 4; lastKnownFileType = sourcecode.c.objc; path = "NSData+YunAdd.m"; sourceTree = "<group>"; };
		1D4D2B495659FCDB351B5DAA /* YunViewController.h */ = {isa = PBXFileReference; fileEncoding = 4; lastKnownFileType = sourcecode.c.h; path = YunViewController.h; sourceTree = "<group>"; };
		1D4D2C28E081EE8EBF4F9E2A /* YunConfig.m */ = {isa = PBXFileReference; fileEncoding = 4; lastKnownFileType = sourcecode.c.objc; path = YunConfig.m; sourceTree = "<group>"; };
		1D4D2C95E59F8FD4C390CAFF /* UIImage+YunAdd.m */ = {isa = PBXFileReference; fileEncoding = 4; lastKnownFileType = sourcecode.c.objc; path = "UIImage+YunAdd.m"; sourceTree = "<group>"; };
		1D4D2CABB7AA47CC5BA752A1 /* YunAppItem.h */ = {isa = PBXFileReference; fileEncoding = 4; lastKnownFileType = sourcecode.c.h; path = YunAppItem.h; sourceTree = "<group>"; };
		1D4D2CB8B1654A9D3ED074DD /* UIColor+YunAdd.h */ = {isa = PBXFileReference; fileEncoding = 4; lastKnownFileType = sourcecode.c.h; path = "UIColor+YunAdd.h"; sourceTree = "<group>"; };
		1D4D2D468B4E6BEE05E4879C /* UIViewController+Nag.h */ = {isa = PBXFileReference; fileEncoding = 4; lastKnownFileType = sourcecode.c.h; path = "UIViewController+Nag.h"; sourceTree = "<group>"; };
		1D4D2D77B5A5FF6C824C63CE /* YunRgxDefine.h */ = {isa = PBXFileReference; fileEncoding = 4; lastKnownFileType = sourcecode.c.h; path = YunRgxDefine.h; sourceTree = "<group>"; };
		1D4D2D87AC52296B679817CE /* YunRgxDefine.m */ = {isa = PBXFileReference; fileEncoding = 4; lastKnownFileType = sourcecode.c.objc; path = YunRgxDefine.m; sourceTree = "<group>"; };
		1D4D2DD1D79E092B68A945F2 /* YunTypeDefine.m */ = {isa = PBXFileReference; fileEncoding = 4; lastKnownFileType = sourcecode.c.objc; path = YunTypeDefine.m; sourceTree = "<group>"; };
		1D4D2E8BD3FA3150D3713108 /* YunUITextFieldFactory.h */ = {isa = PBXFileReference; fileEncoding = 4; lastKnownFileType = sourcecode.c.h; path = YunUITextFieldFactory.h; sourceTree = "<group>"; };
		1D4D2EFFC28A57964FBF0417 /* YunRgxHelper.h */ = {isa = PBXFileReference; fileEncoding = 4; lastKnownFileType = sourcecode.c.h; path = YunRgxHelper.h; sourceTree = "<group>"; };
		1D4D2F23CAFD3BE073D78F56 /* YunSystemHelper.h */ = {isa = PBXFileReference; fileEncoding = 4; lastKnownFileType = sourcecode.c.h; path = YunSystemHelper.h; sourceTree = "<group>"; };
		1D4D2F51FC8BDCA29A110266 /* NSTimer+YunAdd.m */ = {isa = PBXFileReference; fileEncoding = 4; lastKnownFileType = sourcecode.c.objc; path = "NSTimer+YunAdd.m"; sourceTree = "<group>"; };
		1D4D2FE58BA30341ECE53D2E /* UIFont+YunAdd.h */ = {isa = PBXFileReference; fileEncoding = 4; lastKnownFileType = sourcecode.c.h; path = "UIFont+YunAdd.h"; sourceTree = "<group>"; };
		47679CB88DF9DF061053125A /* Pods-YunKits.debug.xcconfig */ = {isa = PBXFileReference; includeInIndex = 1; lastKnownFileType = text.xcconfig; name = "Pods-YunKits.debug.xcconfig"; path = "Pods/Target Support Files/Pods-YunKits/Pods-YunKits.debug.xcconfig"; sourceTree = "<group>"; };
		AEC409BE1EFB5C610077F4BA /* YunKits.framework */ = {isa = PBXFileReference; explicitFileType = wrapper.framework; includeInIndex = 0; path = YunKits.framework; sourceTree = BUILT_PRODUCTS_DIR; };
		AEC409C11EFB5C610077F4BA /* YunKits.h */ = {isa = PBXFileReference; lastKnownFileType = sourcecode.c.h; path = YunKits.h; sourceTree = "<group>"; };
		AEC409C21EFB5C610077F4BA /* Info.plist */ = {isa = PBXFileReference; lastKnownFileType = text.plist.xml; path = Info.plist; sourceTree = "<group>"; };
		AEC409CC1EFB5E5B0077F4BA /* YunView.h */ = {isa = PBXFileReference; fileEncoding = 4; lastKnownFileType = sourcecode.c.h; path = YunView.h; sourceTree = "<group>"; };
		AEC409CD1EFB5E5B0077F4BA /* YunView.m */ = {isa = PBXFileReference; fileEncoding = 4; lastKnownFileType = sourcecode.c.objc; path = YunView.m; sourceTree = "<group>"; };
		AEC409CE1EFB5E5B0077F4BA /* YunTableViewCell.h */ = {isa = PBXFileReference; fileEncoding = 4; lastKnownFileType = sourcecode.c.h; path = YunTableViewCell.h; sourceTree = "<group>"; };
		AEC409CF1EFB5E5B0077F4BA /* YunTableViewCell.m */ = {isa = PBXFileReference; fileEncoding = 4; lastKnownFileType = sourcecode.c.objc; path = YunTableViewCell.m; sourceTree = "<group>"; };
		AEC409D21EFB5E5B0077F4BA /* NSError+YunAdd.h */ = {isa = PBXFileReference; fileEncoding = 4; lastKnownFileType = sourcecode.c.h; path = "NSError+YunAdd.h"; sourceTree = "<group>"; };
		AEC409D31EFB5E5B0077F4BA /* NSError+YunAdd.m */ = {isa = PBXFileReference; fileEncoding = 4; lastKnownFileType = sourcecode.c.objc; path = "NSError+YunAdd.m"; sourceTree = "<group>"; };
		AEC409D41EFB5E5B0077F4BA /* NSObject+YunAdd.h */ = {isa = PBXFileReference; fileEncoding = 4; lastKnownFileType = sourcecode.c.h; path = "NSObject+YunAdd.h"; sourceTree = "<group>"; };
		AEC409D51EFB5E5B0077F4BA /* NSObject+YunAdd.m */ = {isa = PBXFileReference; fileEncoding = 4; lastKnownFileType = sourcecode.c.objc; path = "NSObject+YunAdd.m"; sourceTree = "<group>"; };
		AEC409D61EFB5E5B0077F4BA /* NSString+YunAdd.h */ = {isa = PBXFileReference; fileEncoding = 4; lastKnownFileType = sourcecode.c.h; path = "NSString+YunAdd.h"; sourceTree = "<group>"; };
		AEC409D71EFB5E5B0077F4BA /* NSString+YunAdd.m */ = {isa = PBXFileReference; fileEncoding = 4; lastKnownFileType = sourcecode.c.objc; path = "NSString+YunAdd.m"; sourceTree = "<group>"; };
		AEC409E01EFB5E5B0077F4BA /* NYXImagesHelper.h */ = {isa = PBXFileReference; fileEncoding = 4; lastKnownFileType = sourcecode.c.h; path = NYXImagesHelper.h; sourceTree = "<group>"; };
		AEC409E11EFB5E5B0077F4BA /* NYXImagesHelper.m */ = {isa = PBXFileReference; fileEncoding = 4; lastKnownFileType = sourcecode.c.objc; path = NYXImagesHelper.m; sourceTree = "<group>"; };
		AEC409E21EFB5E5B0077F4BA /* UIImage+Resizing.h */ = {isa = PBXFileReference; fileEncoding = 4; lastKnownFileType = sourcecode.c.h; path = "UIImage+Resizing.h"; sourceTree = "<group>"; };
		AEC409E31EFB5E5B0077F4BA /* UIImage+Resizing.m */ = {isa = PBXFileReference; fileEncoding = 4; lastKnownFileType = sourcecode.c.objc; path = "UIImage+Resizing.m"; sourceTree = "<group>"; };
		AEC409E71EFB5E5B0077F4BA /* UIButton+YunAdd.h */ = {isa = PBXFileReference; fileEncoding = 4; lastKnownFileType = sourcecode.c.h; path = "UIButton+YunAdd.h"; sourceTree = "<group>"; };
		AEC409E81EFB5E5B0077F4BA /* UIButton+YunAdd.m */ = {isa = PBXFileReference; fileEncoding = 4; lastKnownFileType = sourcecode.c.objc; path = "UIButton+YunAdd.m"; sourceTree = "<group>"; };
		AEC409E91EFB5E5B0077F4BA /* UIImageView+YunAdd.h */ = {isa = PBXFileReference; fileEncoding = 4; lastKnownFileType = sourcecode.c.h; path = "UIImageView+YunAdd.h"; sourceTree = "<group>"; };
		AEC409EA1EFB5E5B0077F4BA /* UIImageView+YunAdd.m */ = {isa = PBXFileReference; fileEncoding = 4; lastKnownFileType = sourcecode.c.objc; path = "UIImageView+YunAdd.m"; sourceTree = "<group>"; };
		AEC409EB1EFB5E5B0077F4BA /* UILabel+Style.h */ = {isa = PBXFileReference; fileEncoding = 4; lastKnownFileType = sourcecode.c.h; path = "UILabel+Style.h"; sourceTree = "<group>"; };
		AEC409EC1EFB5E5B0077F4BA /* UILabel+Style.m */ = {isa = PBXFileReference; fileEncoding = 4; lastKnownFileType = sourcecode.c.objc; path = "UILabel+Style.m"; sourceTree = "<group>"; };
		AEC409ED1EFB5E5B0077F4BA /* UILabel+YunAdd.h */ = {isa = PBXFileReference; fileEncoding = 4; lastKnownFileType = sourcecode.c.h; path = "UILabel+YunAdd.h"; sourceTree = "<group>"; };
		AEC409EE1EFB5E5B0077F4BA /* UILabel+YunAdd.m */ = {isa = PBXFileReference; fileEncoding = 4; lastKnownFileType = sourcecode.c.objc; path = "UILabel+YunAdd.m"; sourceTree = "<group>"; };
		AEC409EF1EFB5E5B0077F4BA /* UISearchBar+YunAdd.h */ = {isa = PBXFileReference; fileEncoding = 4; lastKnownFileType = sourcecode.c.h; path = "UISearchBar+YunAdd.h"; sourceTree = "<group>"; };
		AEC409F01EFB5E5B0077F4BA /* UISearchBar+YunAdd.m */ = {isa = PBXFileReference; fileEncoding = 4; lastKnownFileType = sourcecode.c.objc; path = "UISearchBar+YunAdd.m"; sourceTree = "<group>"; };
		AEC409F11EFB5E5B0077F4BA /* UITabBar+YunAdd.h */ = {isa = PBXFileReference; fileEncoding = 4; lastKnownFileType = sourcecode.c.h; path = "UITabBar+YunAdd.h"; sourceTree = "<group>"; };
		AEC409F21EFB5E5B0077F4BA /* UITabBar+YunAdd.m */ = {isa = PBXFileReference; fileEncoding = 4; lastKnownFileType = sourcecode.c.objc; path = "UITabBar+YunAdd.m"; sourceTree = "<group>"; };
		AEC409F31EFB5E5B0077F4BA /* UITextField+YunAdd.h */ = {isa = PBXFileReference; fileEncoding = 4; lastKnownFileType = sourcecode.c.h; path = "UITextField+YunAdd.h"; sourceTree = "<group>"; };
		AEC409F41EFB5E5B0077F4BA /* UITextField+YunAdd.m */ = {isa = PBXFileReference; fileEncoding = 4; lastKnownFileType = sourcecode.c.objc; path = "UITextField+YunAdd.m"; sourceTree = "<group>"; };
		AEC409F51EFB5E5B0077F4BA /* UITextView+YunAdd.h */ = {isa = PBXFileReference; fileEncoding = 4; lastKnownFileType = sourcecode.c.h; path = "UITextView+YunAdd.h"; sourceTree = "<group>"; };
		AEC409F61EFB5E5B0077F4BA /* UITextView+YunAdd.m */ = {isa = PBXFileReference; fileEncoding = 4; lastKnownFileType = sourcecode.c.objc; path = "UITextView+YunAdd.m"; sourceTree = "<group>"; };
		AEC409F71EFB5E5B0077F4BA /* UIView+YunAdd.h */ = {isa = PBXFileReference; fileEncoding = 4; lastKnownFileType = sourcecode.c.h; path = "UIView+YunAdd.h"; sourceTree = "<group>"; };
		AEC409F81EFB5E5B0077F4BA /* UIView+YunAdd.m */ = {isa = PBXFileReference; fileEncoding = 4; lastKnownFileType = sourcecode.c.objc; path = "UIView+YunAdd.m"; sourceTree = "<group>"; };
		AEC409FA1EFB5E5B0077F4BA /* YunAttributedStringFactory.h */ = {isa = PBXFileReference; fileEncoding = 4; lastKnownFileType = sourcecode.c.h; path = YunAttributedStringFactory.h; sourceTree = "<group>"; };
		AEC409FB1EFB5E5B0077F4BA /* YunAttributedStringFactory.m */ = {isa = PBXFileReference; fileEncoding = 4; lastKnownFileType = sourcecode.c.objc; path = YunAttributedStringFactory.m; sourceTree = "<group>"; };
		AEC409FC1EFB5E5B0077F4BA /* YunFactory.h */ = {isa = PBXFileReference; fileEncoding = 4; lastKnownFileType = sourcecode.c.h; path = YunFactory.h; sourceTree = "<group>"; };
		AEC409FD1EFB5E5B0077F4BA /* YunUITableViewFactory.h */ = {isa = PBXFileReference; fileEncoding = 4; lastKnownFileType = sourcecode.c.h; path = YunUITableViewFactory.h; sourceTree = "<group>"; };
		AEC409FE1EFB5E5B0077F4BA /* YunUITableViewFactory.m */ = {isa = PBXFileReference; fileEncoding = 4; lastKnownFileType = sourcecode.c.objc; path = YunUITableViewFactory.m; sourceTree = "<group>"; };
		AEC409FF1EFB5E5B0077F4BA /* YunUIBarButtonItemFactory.h */ = {isa = PBXFileReference; fileEncoding = 4; lastKnownFileType = sourcecode.c.h; path = YunUIBarButtonItemFactory.h; sourceTree = "<group>"; };
		AEC40A001EFB5E5B0077F4BA /* YunUIBarButtonItemFactory.m */ = {isa = PBXFileReference; fileEncoding = 4; lastKnownFileType = sourcecode.c.objc; path = YunUIBarButtonItemFactory.m; sourceTree = "<group>"; };
		AEC40A011EFB5E5B0077F4BA /* YunUIButtonFactory.h */ = {isa = PBXFileReference; fileEncoding = 4; lastKnownFileType = sourcecode.c.h; path = YunUIButtonFactory.h; sourceTree = "<group>"; };
		AEC40A021EFB5E5B0077F4BA /* YunUIButtonFactory.m */ = {isa = PBXFileReference; fileEncoding = 4; lastKnownFileType = sourcecode.c.objc; path = YunUIButtonFactory.m; sourceTree = "<group>"; };
		AEC40A031EFB5E5B0077F4BA /* YunUIImageViewFactory.h */ = {isa = PBXFileReference; fileEncoding = 4; lastKnownFileType = sourcecode.c.h; path = YunUIImageViewFactory.h; sourceTree = "<group>"; };
		AEC40A041EFB5E5B0077F4BA /* YunUIImageViewFactory.m */ = {isa = PBXFileReference; fileEncoding = 4; lastKnownFileType = sourcecode.c.objc; path = YunUIImageViewFactory.m; sourceTree = "<group>"; };
		AEC40A051EFB5E5B0077F4BA /* YunUILabelFactory.h */ = {isa = PBXFileReference; fileEncoding = 4; lastKnownFileType = sourcecode.c.h; path = YunUILabelFactory.h; sourceTree = "<group>"; };
		AEC40A061EFB5E5B0077F4BA /* YunUILabelFactory.m */ = {isa = PBXFileReference; fileEncoding = 4; lastKnownFileType = sourcecode.c.objc; path = YunUILabelFactory.m; sourceTree = "<group>"; };
		AEC40A071EFB5E5B0077F4BA /* YunUISearchBarFactory.h */ = {isa = PBXFileReference; fileEncoding = 4; lastKnownFileType = sourcecode.c.h; path = YunUISearchBarFactory.h; sourceTree = "<group>"; };
		AEC40A081EFB5E5B0077F4BA /* YunUISearchBarFactory.m */ = {isa = PBXFileReference; fileEncoding = 4; lastKnownFileType = sourcecode.c.objc; path = YunUISearchBarFactory.m; sourceTree = "<group>"; };
		AEC40A091EFB5E5B0077F4BA /* YunUIViewFactory.h */ = {isa = PBXFileReference; fileEncoding = 4; lastKnownFileType = sourcecode.c.h; path = YunUIViewFactory.h; sourceTree = "<group>"; };
		AEC40A0A1EFB5E5B0077F4BA /* YunUIViewFactory.m */ = {isa = PBXFileReference; fileEncoding = 4; lastKnownFileType = sourcecode.c.objc; path = YunUIViewFactory.m; sourceTree = "<group>"; };
		AEC40A0E1EFB5E5B0077F4BA /* YunGlobalDefine.h */ = {isa = PBXFileReference; fileEncoding = 4; lastKnownFileType = sourcecode.c.h; path = YunGlobalDefine.h; sourceTree = "<group>"; };
		AEC40A4F1EFB5E5B0077F4BA /* YunCalTime.h */ = {isa = PBXFileReference; fileEncoding = 4; lastKnownFileType = sourcecode.c.h; path = YunCalTime.h; sourceTree = "<group>"; };
		AEC40A501EFB5E5B0077F4BA /* YunCalTime.m */ = {isa = PBXFileReference; fileEncoding = 4; lastKnownFileType = sourcecode.c.objc; path = YunCalTime.m; sourceTree = "<group>"; };
		AEC40A511EFB5E5B0077F4BA /* YunPinYinTool.h */ = {isa = PBXFileReference; fileEncoding = 4; lastKnownFileType = sourcecode.c.h; path = YunPinYinTool.h; sourceTree = "<group>"; };
		AEC40A521EFB5E5B0077F4BA /* YunPinYinTool.m */ = {isa = PBXFileReference; fileEncoding = 4; lastKnownFileType = sourcecode.c.objc; path = YunPinYinTool.m; sourceTree = "<group>"; };
		AEC40A531EFB5E5B0077F4BA /* YunDateHelper.h */ = {isa = PBXFileReference; fileEncoding = 4; lastKnownFileType = sourcecode.c.h; path = YunDateHelper.h; sourceTree = "<group>"; };
		AEC40A541EFB5E5B0077F4BA /* YunDateHelper.m */ = {isa = PBXFileReference; fileEncoding = 4; lastKnownFileType = sourcecode.c.objc; path = YunDateHelper.m; sourceTree = "<group>"; };
		AEC40A551EFB5E5B0077F4BA /* YunIdCardHelper.h */ = {isa = PBXFileReference; fileEncoding = 4; lastKnownFileType = sourcecode.c.h; path = YunIdCardHelper.h; sourceTree = "<group>"; };
		AEC40A561EFB5E5B0077F4BA /* YunIdCardHelper.m */ = {isa = PBXFileReference; fileEncoding = 4; lastKnownFileType = sourcecode.c.objc; path = YunIdCardHelper.m; sourceTree = "<group>"; };
		AEC40A571EFB5E5B0077F4BA /* YunNetworkHelper.h */ = {isa = PBXFileReference; fileEncoding = 4; lastKnownFileType = sourcecode.c.h; path = YunNetworkHelper.h; sourceTree = "<group>"; };
		AEC40A581EFB5E5B0077F4BA /* YunNetworkHelper.m */ = {isa = PBXFileReference; fileEncoding = 4; lastKnownFileType = sourcecode.c.objc; path = YunNetworkHelper.m; sourceTree = "<group>"; };
		AEC40A591EFB5E5B0077F4BA /* YunSizeHelper.h */ = {isa = PBXFileReference; fileEncoding = 4; lastKnownFileType = sourcecode.c.h; path = YunSizeHelper.h; sourceTree = "<group>"; };
		AEC40A5A1EFB5E5B0077F4BA /* YunSizeHelper.m */ = {isa = PBXFileReference; fileEncoding = 4; lastKnownFileType = sourcecode.c.objc; path = YunSizeHelper.m; sourceTree = "<group>"; };
		AEC40A5B1EFB5E5B0077F4BA /* YunAppInfo.h */ = {isa = PBXFileReference; fileEncoding = 4; lastKnownFileType = sourcecode.c.h; path = YunAppInfo.h; sourceTree = "<group>"; };
		AEC40A5C1EFB5E5B0077F4BA /* YunAppInfo.m */ = {isa = PBXFileReference; fileEncoding = 4; lastKnownFileType = sourcecode.c.objc; path = YunAppInfo.m; sourceTree = "<group>"; };
		AEC40A5D1EFB5E5B0077F4BA /* YunSystemMediaHelper.h */ = {isa = PBXFileReference; fileEncoding = 4; lastKnownFileType = sourcecode.c.h; path = YunSystemMediaHelper.h; sourceTree = "<group>"; };
		AEC40A5E1EFB5E5B0077F4BA /* YunSystemMediaHelper.m */ = {isa = PBXFileReference; fileEncoding = 4; lastKnownFileType = sourcecode.c.objc; path = YunSystemMediaHelper.m; sourceTree = "<group>"; };
		AEC40A5F1EFB5E5B0077F4BA /* YunTheme.h */ = {isa = PBXFileReference; fileEncoding = 4; lastKnownFileType = sourcecode.c.h; path = YunTheme.h; sourceTree = "<group>"; };
		AEC40A601EFB5E5B0077F4BA /* YunTheme.m */ = {isa = PBXFileReference; fileEncoding = 4; lastKnownFileType = sourcecode.c.objc; path = YunTheme.m; sourceTree = "<group>"; };
		AEC40A611EFB5E5B0077F4BA /* YunValueHelper.h */ = {isa = PBXFileReference; fileEncoding = 4; lastKnownFileType = sourcecode.c.h; path = YunValueHelper.h; sourceTree = "<group>"; };
		AEC40A621EFB5E5B0077F4BA /* YunValueHelper.m */ = {isa = PBXFileReference; fileEncoding = 4; lastKnownFileType = sourcecode.c.objc; path = YunValueHelper.m; sourceTree = "<group>"; };
		AEC40A631EFB5E5B0077F4BA /* YunValueVerifier.h */ = {isa = PBXFileReference; fileEncoding = 4; lastKnownFileType = sourcecode.c.h; path = YunValueVerifier.h; sourceTree = "<group>"; };
		AEC40A641EFB5E5B0077F4BA /* YunValueVerifier.m */ = {isa = PBXFileReference; fileEncoding = 4; lastKnownFileType = sourcecode.c.objc; path = YunValueVerifier.m; sourceTree = "<group>"; };
		AEC40AF41EFB67900077F4BA /* UIKit.framework */ = {isa = PBXFileReference; lastKnownFileType = wrapper.framework; name = UIKit.framework; path = System/Library/Frameworks/UIKit.framework; sourceTree = SDKROOT; };
		CEE9A9013BBAA01B96475858 /* libPods-YunKits.a */ = {isa = PBXFileReference; explicitFileType = archive.ar; includeInIndex = 0; path = "libPods-YunKits.a"; sourceTree = BUILT_PRODUCTS_DIR; };
		DFF9080209758A7050875199 /* Pods-YunKits.release.xcconfig */ = {isa = PBXFileReference; includeInIndex = 1; lastKnownFileType = text.xcconfig; name = "Pods-YunKits.release.xcconfig"; path = "Pods/Target Support Files/Pods-YunKits/Pods-YunKits.release.xcconfig"; sourceTree = "<group>"; };
/* End PBXFileReference section */

/* Begin PBXFrameworksBuildPhase section */
		AEC409BA1EFB5C610077F4BA /* Frameworks */ = {
			isa = PBXFrameworksBuildPhase;
			buildActionMask = 2147483647;
			files = (
				AEC40AF51EFB67900077F4BA /* UIKit.framework in Frameworks */,
				6659F16E4290FE22A2332161 /* libPods-YunKits.a in Frameworks */,
			);
			runOnlyForDeploymentPostprocessing = 0;
		};
/* End PBXFrameworksBuildPhase section */

/* Begin PBXGroup section */
		AEC409B41EFB5C610077F4BA = {
			isa = PBXGroup;
			children = (
				AEC409C01EFB5C610077F4BA /* YunKits */,
				AEC409BF1EFB5C610077F4BA /* Products */,
				BC9FD9013585C00E7415EC02 /* Pods */,
				E2F2CA0BF042E132F89C04FF /* Frameworks */,
				1D4D2986658711F51DFD064E /* README.md */,
				167A9E4232DADA6CAE3142DC /* YunKits.podspec */,
			);
			sourceTree = "<group>";
		};
		AEC409BF1EFB5C610077F4BA /* Products */ = {
			isa = PBXGroup;
			children = (
				AEC409BE1EFB5C610077F4BA /* YunKits.framework */,
			);
			name = Products;
			sourceTree = "<group>";
		};
		AEC409C01EFB5C610077F4BA /* YunKits */ = {
			isa = PBXGroup;
			children = (
				AEC409C91EFB5E5B0077F4BA /* BaseView */,
				AEC409D01EFB5E5B0077F4BA /* Categories */,
				AEC409F91EFB5E5B0077F4BA /* Factory */,
				AEC40A0B1EFB5E5B0077F4BA /* Macro */,
				AEC40A0F1EFB5E5B0077F4BA /* Other */,
				AEC40A4E1EFB5E5B0077F4BA /* Tools */,
				AEC409C11EFB5C610077F4BA /* YunKits.h */,
				AEC409C21EFB5C610077F4BA /* Info.plist */,
			);
			path = YunKits;
			sourceTree = "<group>";
		};
		AEC409C91EFB5E5B0077F4BA /* BaseView */ = {
			isa = PBXGroup;
			children = (
				AEC409CC1EFB5E5B0077F4BA /* YunView.h */,
				AEC409CD1EFB5E5B0077F4BA /* YunView.m */,
				AEC409CE1EFB5E5B0077F4BA /* YunTableViewCell.h */,
				AEC409CF1EFB5E5B0077F4BA /* YunTableViewCell.m */,
				1D4D2B495659FCDB351B5DAA /* YunViewController.h */,
				1D4D2B1DB011C7103A128854 /* YunViewController.m */,
				1D4D2A7BEFB08B32EC81F6CD /* YunTableViewHeaderFooterView.m */,
				1D4D224D30496A31E474B0EA /* YunTableViewHeaderFooterView.h */,
			);
			path = BaseView;
			sourceTree = "<group>";
		};
		AEC409D01EFB5E5B0077F4BA /* Categories */ = {
			isa = PBXGroup;
			children = (
				AEC409D11EFB5E5B0077F4BA /* NSObject_Ctg */,
				AEC409E61EFB5E5B0077F4BA /* UIView_Ctg */,
			);
			path = Categories;
			sourceTree = "<group>";
		};
		AEC409D11EFB5E5B0077F4BA /* NSObject_Ctg */ = {
			isa = PBXGroup;
			children = (
				AEC409D21EFB5E5B0077F4BA /* NSError+YunAdd.h */,
				AEC409D31EFB5E5B0077F4BA /* NSError+YunAdd.m */,
				AEC409D41EFB5E5B0077F4BA /* NSObject+YunAdd.h */,
				AEC409D51EFB5E5B0077F4BA /* NSObject+YunAdd.m */,
				AEC409D61EFB5E5B0077F4BA /* NSString+YunAdd.h */,
				AEC409D71EFB5E5B0077F4BA /* NSString+YunAdd.m */,
				AEC409DF1EFB5E5B0077F4BA /* UIImage+Resize */,
				1D4D20F207ECBF46FA1D41EC /* NSURL+YunAdd.m */,
				1D4D23A10D2FE3D966FA6AE0 /* NSURL+YunAdd.h */,
				1D4D20B88DB8EB25B140689C /* NSObjectYunAddHeader.h */,
				1D4D2F51FC8BDCA29A110266 /* NSTimer+YunAdd.m */,
				1D4D229BEE7A93E4E2837266 /* NSTimer+YunAdd.h */,
				1D4D2B3EFCB4A2AC65A05DA1 /* NSData+YunAdd.m */,
				1D4D271F65ECFF6BE0D27311 /* NSData+YunAdd.h */,
			);
			path = NSObject_Ctg;
			sourceTree = "<group>";
		};
		AEC409DF1EFB5E5B0077F4BA /* UIImage+Resize */ = {
			isa = PBXGroup;
			children = (
				AEC409E01EFB5E5B0077F4BA /* NYXImagesHelper.h */,
				AEC409E11EFB5E5B0077F4BA /* NYXImagesHelper.m */,
				AEC409E21EFB5E5B0077F4BA /* UIImage+Resizing.h */,
				AEC409E31EFB5E5B0077F4BA /* UIImage+Resizing.m */,
			);
			path = "UIImage+Resize";
			sourceTree = "<group>";
		};
		AEC409E61EFB5E5B0077F4BA /* UIView_Ctg */ = {
			isa = PBXGroup;
			children = (
				AEC409E71EFB5E5B0077F4BA /* UIButton+YunAdd.h */,
				AEC409E81EFB5E5B0077F4BA /* UIButton+YunAdd.m */,
				AEC409E91EFB5E5B0077F4BA /* UIImageView+YunAdd.h */,
				AEC409EA1EFB5E5B0077F4BA /* UIImageView+YunAdd.m */,
				AEC409EB1EFB5E5B0077F4BA /* UILabel+Style.h */,
				AEC409EC1EFB5E5B0077F4BA /* UILabel+Style.m */,
				AEC409ED1EFB5E5B0077F4BA /* UILabel+YunAdd.h */,
				AEC409EE1EFB5E5B0077F4BA /* UILabel+YunAdd.m */,
				AEC409EF1EFB5E5B0077F4BA /* UISearchBar+YunAdd.h */,
				AEC409F01EFB5E5B0077F4BA /* UISearchBar+YunAdd.m */,
				AEC409F11EFB5E5B0077F4BA /* UITabBar+YunAdd.h */,
				AEC409F21EFB5E5B0077F4BA /* UITabBar+YunAdd.m */,
				AEC409F31EFB5E5B0077F4BA /* UITextField+YunAdd.h */,
				AEC409F41EFB5E5B0077F4BA /* UITextField+YunAdd.m */,
				AEC409F51EFB5E5B0077F4BA /* UITextView+YunAdd.h */,
				AEC409F61EFB5E5B0077F4BA /* UITextView+YunAdd.m */,
				AEC409F71EFB5E5B0077F4BA /* UIView+YunAdd.h */,
				AEC409F81EFB5E5B0077F4BA /* UIView+YunAdd.m */,
				1D4D206ECED163D337FC9C62 /* UIViewYunAddHeader.h */,
				1D4D29F1330E5AB6FC8928B0 /* UIViewController+Nag.m */,
				1D4D2D468B4E6BEE05E4879C /* UIViewController+Nag.h */,
				1D4D2FE58BA30341ECE53D2E /* UIFont+YunAdd.h */,
				1D4D2C95E59F8FD4C390CAFF /* UIImage+YunAdd.m */,
				1D4D22A98DC9212410CDA244 /* UIColor+YunAdd.m */,
				1D4D2370F94BDF3EBC9FEE59 /* UIFont+YunAdd.m */,
				1D4D2CB8B1654A9D3ED074DD /* UIColor+YunAdd.h */,
				1D4D26DC5CA28C8B38CE2823 /* UIImage+YunAdd.h */,
			);
			path = UIView_Ctg;
			sourceTree = "<group>";
		};
		AEC409F91EFB5E5B0077F4BA /* Factory */ = {
			isa = PBXGroup;
			children = (
				AEC409FA1EFB5E5B0077F4BA /* YunAttributedStringFactory.h */,
				AEC409FB1EFB5E5B0077F4BA /* YunAttributedStringFactory.m */,
				AEC409FC1EFB5E5B0077F4BA /* YunFactory.h */,
				AEC409FD1EFB5E5B0077F4BA /* YunUITableViewFactory.h */,
				AEC409FE1EFB5E5B0077F4BA /* YunUITableViewFactory.m */,
				AEC409FF1EFB5E5B0077F4BA /* YunUIBarButtonItemFactory.h */,
				AEC40A001EFB5E5B0077F4BA /* YunUIBarButtonItemFactory.m */,
				AEC40A011EFB5E5B0077F4BA /* YunUIButtonFactory.h */,
				AEC40A021EFB5E5B0077F4BA /* YunUIButtonFactory.m */,
				AEC40A031EFB5E5B0077F4BA /* YunUIImageViewFactory.h */,
				AEC40A041EFB5E5B0077F4BA /* YunUIImageViewFactory.m */,
				AEC40A051EFB5E5B0077F4BA /* YunUILabelFactory.h */,
				AEC40A061EFB5E5B0077F4BA /* YunUILabelFactory.m */,
				AEC40A071EFB5E5B0077F4BA /* YunUISearchBarFactory.h */,
				AEC40A081EFB5E5B0077F4BA /* YunUISearchBarFactory.m */,
				AEC40A091EFB5E5B0077F4BA /* YunUIViewFactory.h */,
				AEC40A0A1EFB5E5B0077F4BA /* YunUIViewFactory.m */,
				1D4D28A550B7E0B59EBD9F2A /* YunUITextFieldFactory.m */,
				1D4D2E8BD3FA3150D3713108 /* YunUITextFieldFactory.h */,
				1D4D26FE195AF452DF875321 /* YunUITabBarItemFactory.m */,
				1D4D2309F728542D3D1894FD /* YunUITabBarItemFactory.h */,
			);
			path = Factory;
			sourceTree = "<group>";
		};
		AEC40A0B1EFB5E5B0077F4BA /* Macro */ = {
			isa = PBXGroup;
			children = (
				AEC40A0E1EFB5E5B0077F4BA /* YunGlobalDefine.h */,
				1D4D2C28E081EE8EBF4F9E2A /* YunConfig.m */,
				1D4D218E35BBE9F997027576 /* YunConfig.h */,
			);
			path = Macro;
			sourceTree = "<group>";
		};
		AEC40A0F1EFB5E5B0077F4BA /* Other */ = {
			isa = PBXGroup;
			children = (
			);
			path = Other;
			sourceTree = "<group>";
		};
		AEC40A4E1EFB5E5B0077F4BA /* Tools */ = {
			isa = PBXGroup;
			children = (
				AEC40A4F1EFB5E5B0077F4BA /* YunCalTime.h */,
				AEC40A501EFB5E5B0077F4BA /* YunCalTime.m */,
				AEC40A511EFB5E5B0077F4BA /* YunPinYinTool.h */,
				AEC40A521EFB5E5B0077F4BA /* YunPinYinTool.m */,
				AEC40A531EFB5E5B0077F4BA /* YunDateHelper.h */,
				AEC40A541EFB5E5B0077F4BA /* YunDateHelper.m */,
				AEC40A551EFB5E5B0077F4BA /* YunIdCardHelper.h */,
				AEC40A561EFB5E5B0077F4BA /* YunIdCardHelper.m */,
				AEC40A571EFB5E5B0077F4BA /* YunNetworkHelper.h */,
				AEC40A581EFB5E5B0077F4BA /* YunNetworkHelper.m */,
				AEC40A591EFB5E5B0077F4BA /* YunSizeHelper.h */,
				AEC40A5A1EFB5E5B0077F4BA /* YunSizeHelper.m */,
				AEC40A5B1EFB5E5B0077F4BA /* YunAppInfo.h */,
				AEC40A5C1EFB5E5B0077F4BA /* YunAppInfo.m */,
				AEC40A5D1EFB5E5B0077F4BA /* YunSystemMediaHelper.h */,
				AEC40A5E1EFB5E5B0077F4BA /* YunSystemMediaHelper.m */,
				AEC40A5F1EFB5E5B0077F4BA /* YunTheme.h */,
				AEC40A601EFB5E5B0077F4BA /* YunTheme.m */,
				AEC40A611EFB5E5B0077F4BA /* YunValueHelper.h */,
				AEC40A621EFB5E5B0077F4BA /* YunValueHelper.m */,
				AEC40A631EFB5E5B0077F4BA /* YunValueVerifier.h */,
				AEC40A641EFB5E5B0077F4BA /* YunValueVerifier.m */,
				1D4D2CABB7AA47CC5BA752A1 /* YunAppItem.h */,
				1D4D216DA33F979EDBF8D744 /* YunAppItem.m */,
				1D4D28728E6315FB7C3C9BC6 /* YunVideoHelper.m */,
				1D4D255456826EEFA7647223 /* YunVideoHelper.h */,
				1D4D228311555E11B154BC2C /* YunImageHelper.m */,
				1D4D254CD751B579F1D19B36 /* YunImageHelper.h */,
				1D4D21198136E75EFEA38FB0 /* YunKeyBoardHelper.h */,
				1D4D28449046C0A07FFE9FF3 /* YunKeyBoardHelper.m */,
				1D4D2EFFC28A57964FBF0417 /* YunRgxHelper.h */,
				1D4D26C0175C9041834F72FF /* YunRgxHelper.m */,
				1D4D22252F7797834A5158F1 /* YunSystemHelper.m */,
				1D4D2F23CAFD3BE073D78F56 /* YunSystemHelper.h */,
				1D4D2778C17FA6C80B93F68B /* YunVersionHelper.m */,
				1D4D2AE4A0D1409D50C7B10D /* YunVersionHelper.h */,
				1D4D240504ABB75A9FE3E546 /* YunURLHelper.h */,
				1D4D297106939E517AAD1B9F /* YunURLHelper.m */,
				1D4D2473E184165060EF236A /* YunVcHelper.m */,
				1D4D2584B5E41F4F2046EDE5 /* YunVcHelper.h */,
				1D4D20B71D82C665F7CB1C89 /* YunDownLoadHelper.m */,
				1D4D2AE6C86AA495614284C6 /* YunDownLoadHelper.h */,
				1D4D2154008B8770CACD0DE2 /* YunBase64Helper.m */,
				1D4D25A12224DEBF93754CCE /* YunBase64Helper.h */,
				1D4D28D824636361197C3B85 /* YunUUIDHelper.m */,
				1D4D2581D33D1BD4E2C5508A /* YunUUIDHelper.h */,
				1D4D2DD1D79E092B68A945F2 /* YunTypeDefine.m */,
				1D4D2B37AAD5BE79694ED6F0 /* YunTypeDefine.h */,
				1D4D25518FF596B32850EA56 /* YunLineHelper.m */,
				1D4D21B4B81D41EBA805A623 /* YunLineHelper.h */,
				1D4D2D87AC52296B679817CE /* YunRgxDefine.m */,
				1D4D2D77B5A5FF6C824C63CE /* YunRgxDefine.h */,
				1D4D21CBA12AF9BA0B21D398 /* YunViewHelper.m */,
				1D4D2B2466788388A2F2A23F /* YunViewHelper.h */,
				1D4D2433CA95BA1D69011E8C /* YunSchemesHelper.m */,
				1D4D228FCE01B6DB89A465B0 /* YunSchemesHelper.h */,
				1D4D24E38AD6C697301FBED1 /* YunFileHelper.m */,
				1D4D292AD0F8DCA1CAF0CD35 /* YunFileHelper.h */,
			);
			path = Tools;
			sourceTree = "<group>";
		};
		BC9FD9013585C00E7415EC02 /* Pods */ = {
			isa = PBXGroup;
			children = (
				47679CB88DF9DF061053125A /* Pods-YunKits.debug.xcconfig */,
				DFF9080209758A7050875199 /* Pods-YunKits.release.xcconfig */,
			);
			name = Pods;
			sourceTree = "<group>";
		};
		E2F2CA0BF042E132F89C04FF /* Frameworks */ = {
			isa = PBXGroup;
			children = (
				AEC40AF41EFB67900077F4BA /* UIKit.framework */,
				CEE9A9013BBAA01B96475858 /* libPods-YunKits.a */,
			);
			name = Frameworks;
			sourceTree = "<group>";
		};
/* End PBXGroup section */

/* Begin PBXHeadersBuildPhase section */
		AEC409BB1EFB5C610077F4BA /* Headers */ = {
			isa = PBXHeadersBuildPhase;
			buildActionMask = 2147483647;
			files = (
				AEC40AE91EFB5E5B0077F4BA /* YunAppInfo.h in Headers */,
				AEC40AE51EFB5E5B0077F4BA /* YunNetworkHelper.h in Headers */,
				AEC40A8B1EFB5E5B0077F4BA /* UITextView+YunAdd.h in Headers */,
				AEC40A8F1EFB5E5B0077F4BA /* YunAttributedStringFactory.h in Headers */,
				AEC40A9E1EFB5E5B0077F4BA /* YunUIViewFactory.h in Headers */,
				AEC40A671EFB5E5B0077F4BA /* YunView.h in Headers */,
				AEC40ADF1EFB5E5B0077F4BA /* YunPinYinTool.h in Headers */,
				AEC40A891EFB5E5B0077F4BA /* UITextField+YunAdd.h in Headers */,
				AEC40AED1EFB5E5B0077F4BA /* YunTheme.h in Headers */,
				AEC40A7D1EFB5E5B0077F4BA /* UIButton+YunAdd.h in Headers */,
				AEC409C31EFB5C610077F4BA /* YunKits.h in Headers */,
				AEC40A911EFB5E5B0077F4BA /* YunFactory.h in Headers */,
				AEC40A851EFB5E5B0077F4BA /* UISearchBar+YunAdd.h in Headers */,
				AEC40AA21EFB5E5B0077F4BA /* YunGlobalDefine.h in Headers */,
				AEC40AEB1EFB5E5B0077F4BA /* YunSystemMediaHelper.h in Headers */,
				AEC40AEF1EFB5E5B0077F4BA /* YunValueHelper.h in Headers */,
				AEC40A961EFB5E5B0077F4BA /* YunUIButtonFactory.h in Headers */,
				AEC40AE71EFB5E5B0077F4BA /* YunSizeHelper.h in Headers */,
				AEC40A771EFB5E5B0077F4BA /* NYXImagesHelper.h in Headers */,
				AEC40A871EFB5E5B0077F4BA /* UITabBar+YunAdd.h in Headers */,
				AEC40A8D1EFB5E5B0077F4BA /* UIView+YunAdd.h in Headers */,
				AEC40ADD1EFB5E5B0077F4BA /* YunCalTime.h in Headers */,
				AEC40A9A1EFB5E5B0077F4BA /* YunUILabelFactory.h in Headers */,
				AEC40AE11EFB5E5B0077F4BA /* YunDateHelper.h in Headers */,
				AEC40A691EFB5E5B0077F4BA /* YunTableViewCell.h in Headers */,
				AEC40A921EFB5E5B0077F4BA /* YunUITableViewFactory.h in Headers */,
				AEC40A6B1EFB5E5B0077F4BA /* NSError+YunAdd.h in Headers */,
				AEC40A941EFB5E5B0077F4BA /* YunUIBarButtonItemFactory.h in Headers */,
				AEC40A6F1EFB5E5B0077F4BA /* NSString+YunAdd.h in Headers */,
				AEC40AE31EFB5E5B0077F4BA /* YunIdCardHelper.h in Headers */,
				AEC40A6D1EFB5E5B0077F4BA /* NSObject+YunAdd.h in Headers */,
				AEC40A9C1EFB5E5B0077F4BA /* YunUISearchBarFactory.h in Headers */,
				AEC40A981EFB5E5B0077F4BA /* YunUIImageViewFactory.h in Headers */,
				AEC40A7F1EFB5E5B0077F4BA /* UIImageView+YunAdd.h in Headers */,
				AEC40A831EFB5E5B0077F4BA /* UILabel+YunAdd.h in Headers */,
				AEC40A791EFB5E5B0077F4BA /* UIImage+Resizing.h in Headers */,
				AEC40AF11EFB5E5B0077F4BA /* YunValueVerifier.h in Headers */,
				AEC40A811EFB5E5B0077F4BA /* UILabel+Style.h in Headers */,
				1D4D2AF8897B34304841FDB1 /* YunViewController.h in Headers */,
				1D4D2897F69C3D308261C160 /* YunAppItem.h in Headers */,
				1D4D2DEA435FE67A45E268C5 /* YunConfig.h in Headers */,
				1D4D28A2969F6DAA08EB5DC3 /* YunVideoHelper.h in Headers */,
				1D4D29DCDE30D06D03EBB8EA /* YunImageHelper.h in Headers */,
				1D4D294383F31A93CD8867DE /* YunUITextFieldFactory.h in Headers */,
				1D4D2B9C14A78E8E955160F6 /* YunUITabBarItemFactory.h in Headers */,
				1D4D2D3B27D7307C03463FE6 /* YunKeyBoardHelper.h in Headers */,
				1D4D2F96EF8EEED1DCAC24D6 /* YunRgxHelper.h in Headers */,
				1D4D2C7B115BF7BBEBAA058F /* NSURL+YunAdd.h in Headers */,
				1D4D2B10831496858E530AAB /* UIViewYunAddHeader.h in Headers */,
				1D4D2BBF2E8435F1B0C25F67 /* NSObjectYunAddHeader.h in Headers */,
				1D4D24051FEA7D2E36143829 /* UIViewController+Nag.h in Headers */,
				1D4D21671C2D624905407F3E /* YunSystemHelper.h in Headers */,
				1D4D296BED3B12736CE2F3E2 /* YunVersionHelper.h in Headers */,
				1D4D2038FE8F2DDAF957B0FB /* YunURLHelper.h in Headers */,
				1D4D26E82AE198A92C66BCD7 /* YunVcHelper.h in Headers */,
				1D4D24136A47C105B6844251 /* UIFont+YunAdd.h in Headers */,
				1D4D26E37A9E8AE21A3E3677 /* UIColor+YunAdd.h in Headers */,
				1D4D2CA0855AD1265152AD02 /* UIImage+YunAdd.h in Headers */,
				1D4D2979C86A81355D42236A /* NSTimer+YunAdd.h in Headers */,
				1D4D20C8BBC2E27998231E55 /* YunDownLoadHelper.h in Headers */,
				1D4D2CD9E96EC147B6DD27D1 /* YunBase64Helper.h in Headers */,
				1D4D24CD5E9403FDEA153772 /* YunUUIDHelper.h in Headers */,
				1D4D20F29FAF90544E0991FA /* YunTypeDefine.h in Headers */,
				1D4D288CCDF75DD272EF77ED /* YunLineHelper.h in Headers */,
				1D4D24CDBC6D76C6D2A2C7A5 /* YunRgxDefine.h in Headers */,
				1D4D2955E937B495DFE658DB /* YunTableViewHeaderFooterView.h in Headers */,
				1D4D2BDCB654FD2FDE9AC07D /* NSData+YunAdd.h in Headers */,
				1D4D22498AA5E42363012768 /* YunViewHelper.h in Headers */,
				1D4D24C54B8C3C416AFC69CE /* YunSchemesHelper.h in Headers */,
				1D4D290AEC5F0A14CB4F4782 /* YunFileHelper.h in Headers */,
			);
			runOnlyForDeploymentPostprocessing = 0;
		};
/* End PBXHeadersBuildPhase section */

/* Begin PBXNativeTarget section */
		AEC409BD1EFB5C610077F4BA /* YunKits */ = {
			isa = PBXNativeTarget;
			buildConfigurationList = AEC409C61EFB5C610077F4BA /* Build configuration list for PBXNativeTarget "YunKits" */;
			buildPhases = (
				11AD9E835326FA051E4F5D78 /* [CP] Check Pods Manifest.lock */,
				AEC409B91EFB5C610077F4BA /* Sources */,
				AEC409BA1EFB5C610077F4BA /* Frameworks */,
				AEC409BB1EFB5C610077F4BA /* Headers */,
				AEC409BC1EFB5C610077F4BA /* Resources */,
			);
			buildRules = (
			);
			dependencies = (
			);
			name = YunKits;
			productName = YunKits;
			productReference = AEC409BE1EFB5C610077F4BA /* YunKits.framework */;
			productType = "com.apple.product-type.framework";
		};
/* End PBXNativeTarget section */

/* Begin PBXProject section */
		AEC409B51EFB5C610077F4BA /* Project object */ = {
			isa = PBXProject;
			attributes = {
				LastUpgradeCheck = 0900;
				ORGANIZATIONNAME = yun;
				TargetAttributes = {
					AEC409BD1EFB5C610077F4BA = {
						CreatedOnToolsVersion = 8.3.3;
						DevelopmentTeam = 9WMKP2SNG2;
						ProvisioningStyle = Automatic;
					};
				};
			};
			buildConfigurationList = AEC409B81EFB5C610077F4BA /* Build configuration list for PBXProject "YunKits" */;
			compatibilityVersion = "Xcode 8.0";
			developmentRegion = English;
			hasScannedForEncodings = 0;
			knownRegions = (
				English,
				en,
			);
			mainGroup = AEC409B41EFB5C610077F4BA;
			productRefGroup = AEC409BF1EFB5C610077F4BA /* Products */;
			projectDirPath = "";
			projectRoot = "";
			targets = (
				AEC409BD1EFB5C610077F4BA /* YunKits */,
			);
		};
/* End PBXProject section */

/* Begin PBXResourcesBuildPhase section */
		AEC409BC1EFB5C610077F4BA /* Resources */ = {
			isa = PBXResourcesBuildPhase;
			buildActionMask = 2147483647;
			files = (
				167A9CDB297CD94C12CE7A43 /* YunKits.podspec in Resources */,
			);
			runOnlyForDeploymentPostprocessing = 0;
		};
/* End PBXResourcesBuildPhase section */

/* Begin PBXShellScriptBuildPhase section */
		11AD9E835326FA051E4F5D78 /* [CP] Check Pods Manifest.lock */ = {
			isa = PBXShellScriptBuildPhase;
			buildActionMask = 2147483647;
			files = (
			);
			inputPaths = (
				"${PODS_PODFILE_DIR_PATH}/Podfile.lock",
				"${PODS_ROOT}/Manifest.lock",
			);
			name = "[CP] Check Pods Manifest.lock";
			outputPaths = (
				"$(DERIVED_FILE_DIR)/Pods-YunKits-checkManifestLockResult.txt",
			);
			runOnlyForDeploymentPostprocessing = 0;
			shellPath = /bin/sh;
			shellScript = "diff \"${PODS_PODFILE_DIR_PATH}/Podfile.lock\" \"${PODS_ROOT}/Manifest.lock\" > /dev/null\nif [ $? != 0 ] ; then\n    # print error to STDERR\n    echo \"error: The sandbox is not in sync with the Podfile.lock. Run 'pod install' or update your CocoaPods installation.\" >&2\n    exit 1\nfi\n# This output is used by Xcode 'outputs' to avoid re-running this script phase.\necho \"SUCCESS\" > \"${SCRIPT_OUTPUT_FILE_0}\"\n";
			showEnvVarsInLog = 0;
		};
/* End PBXShellScriptBuildPhase section */

/* Begin PBXSourcesBuildPhase section */
		AEC409B91EFB5C610077F4BA /* Sources */ = {
			isa = PBXSourcesBuildPhase;
			buildActionMask = 2147483647;
			files = (
				AEC40A951EFB5E5B0077F4BA /* YunUIBarButtonItemFactory.m in Sources */,
				AEC40A901EFB5E5B0077F4BA /* YunAttributedStringFactory.m in Sources */,
				AEC40A8C1EFB5E5B0077F4BA /* UITextView+YunAdd.m in Sources */,
				AEC40A821EFB5E5B0077F4BA /* UILabel+Style.m in Sources */,
				AEC40AE61EFB5E5B0077F4BA /* YunNetworkHelper.m in Sources */,
				AEC40A801EFB5E5B0077F4BA /* UIImageView+YunAdd.m in Sources */,
				AEC40A681EFB5E5B0077F4BA /* YunView.m in Sources */,
				AEC40A6A1EFB5E5B0077F4BA /* YunTableViewCell.m in Sources */,
				AEC40A991EFB5E5B0077F4BA /* YunUIImageViewFactory.m in Sources */,
				AEC40A6C1EFB5E5B0077F4BA /* NSError+YunAdd.m in Sources */,
				AEC40A8E1EFB5E5B0077F4BA /* UIView+YunAdd.m in Sources */,
				AEC40A9D1EFB5E5B0077F4BA /* YunUISearchBarFactory.m in Sources */,
				AEC40AEE1EFB5E5B0077F4BA /* YunTheme.m in Sources */,
				AEC40A881EFB5E5B0077F4BA /* UITabBar+YunAdd.m in Sources */,
				AEC40A9B1EFB5E5B0077F4BA /* YunUILabelFactory.m in Sources */,
				AEC40A931EFB5E5B0077F4BA /* YunUITableViewFactory.m in Sources */,
				AEC40A7E1EFB5E5B0077F4BA /* UIButton+YunAdd.m in Sources */,
				AEC40AE81EFB5E5B0077F4BA /* YunSizeHelper.m in Sources */,
				AEC40A841EFB5E5B0077F4BA /* UILabel+YunAdd.m in Sources */,
				AEC40AE21EFB5E5B0077F4BA /* YunDateHelper.m in Sources */,
				AEC40A781EFB5E5B0077F4BA /* NYXImagesHelper.m in Sources */,
				AEC40A701EFB5E5B0077F4BA /* NSString+YunAdd.m in Sources */,
				AEC40A6E1EFB5E5B0077F4BA /* NSObject+YunAdd.m in Sources */,
				AEC40ADE1EFB5E5B0077F4BA /* YunCalTime.m in Sources */,
				AEC40AEA1EFB5E5B0077F4BA /* YunAppInfo.m in Sources */,
				AEC40AF01EFB5E5B0077F4BA /* YunValueHelper.m in Sources */,
				AEC40AF21EFB5E5B0077F4BA /* YunValueVerifier.m in Sources */,
				AEC40A9F1EFB5E5B0077F4BA /* YunUIViewFactory.m in Sources */,
				AEC40A971EFB5E5B0077F4BA /* YunUIButtonFactory.m in Sources */,
				AEC40AEC1EFB5E5B0077F4BA /* YunSystemMediaHelper.m in Sources */,
				AEC40AE41EFB5E5B0077F4BA /* YunIdCardHelper.m in Sources */,
				AEC40A861EFB5E5B0077F4BA /* UISearchBar+YunAdd.m in Sources */,
				AEC40A8A1EFB5E5B0077F4BA /* UITextField+YunAdd.m in Sources */,
				AEC40A7A1EFB5E5B0077F4BA /* UIImage+Resizing.m in Sources */,
				AEC40AE01EFB5E5B0077F4BA /* YunPinYinTool.m in Sources */,
				1D4D21DCDCE3E2C6D72C6036 /* YunViewController.m in Sources */,
				1D4D2CFA308566F8BCA14135 /* YunAppItem.m in Sources */,
				1D4D2331A780908D17012D19 /* YunConfig.m in Sources */,
				1D4D2241954B20AE14C65510 /* YunVideoHelper.m in Sources */,
				1D4D2DA898D84844EADDF1E1 /* YunImageHelper.m in Sources */,
				1D4D282ABEBDBB2384246DF7 /* YunUITextFieldFactory.m in Sources */,
				1D4D22C890CD39952AF1AE9C /* YunUITabBarItemFactory.m in Sources */,
				1D4D210B006F21B6BCC58850 /* YunKeyBoardHelper.m in Sources */,
				1D4D2EF22AB5BBF4F5D61DBB /* YunRgxHelper.m in Sources */,
				1D4D2BE2337EC4F8F8BBCFCE /* NSURL+YunAdd.m in Sources */,
				1D4D29B4C9FADA56E9A196C3 /* UIViewController+Nag.m in Sources */,
				1D4D22DE2FC54DD1E38DFF71 /* YunSystemHelper.m in Sources */,
				1D4D27351DEF531E3AD95B28 /* YunVersionHelper.m in Sources */,
				1D4D28B1BD26DECFFDAD6AAF /* YunURLHelper.m in Sources */,
				1D4D2C2032801C2261C1FCA1 /* YunVcHelper.m in Sources */,
				1D4D237C28B46445ACDA65FB /* UIImage+YunAdd.m in Sources */,
				1D4D2F8758DF3B9BFBD076AE /* UIColor+YunAdd.m in Sources */,
				1D4D2A83DD636FFB9608630E /* UIFont+YunAdd.m in Sources */,
				1D4D2AF9F7D586E173A48BDF /* NSTimer+YunAdd.m in Sources */,
				1D4D27030E6DE88F8841A5A8 /* YunDownLoadHelper.m in Sources */,
				1D4D2902CDCEF256FB7AD66B /* YunBase64Helper.m in Sources */,
				1D4D26BDD3195B339718F0E6 /* YunUUIDHelper.m in Sources */,
				1D4D203F6C7BDC02C81CAF46 /* YunTypeDefine.m in Sources */,
				1D4D2E6466ABB4C850A3AC73 /* YunLineHelper.m in Sources */,
				1D4D2B382733CBAC27161E1D /* YunRgxDefine.m in Sources */,
				1D4D21BF509A1114F8847F00 /* YunTableViewHeaderFooterView.m in Sources */,
				1D4D27199229FD11CA56A9F5 /* NSData+YunAdd.m in Sources */,
				1D4D2FCC81EE7DF131E32450 /* YunViewHelper.m in Sources */,
				1D4D2769CFF38BFE1620FF87 /* YunSchemesHelper.m in Sources */,
				1D4D2DF1339F30A4AFE5A23E /* YunFileHelper.m in Sources */,
			);
			runOnlyForDeploymentPostprocessing = 0;
		};
/* End PBXSourcesBuildPhase section */

/* Begin XCBuildConfiguration section */
		AEC409C41EFB5C610077F4BA /* Debug */ = {
			isa = XCBuildConfiguration;
			buildSettings = {
				ALWAYS_SEARCH_USER_PATHS = NO;
				CLANG_ANALYZER_NONNULL = YES;
				CLANG_ANALYZER_NUMBER_OBJECT_CONVERSION = YES_AGGRESSIVE;
				CLANG_CXX_LANGUAGE_STANDARD = "gnu++0x";
				CLANG_CXX_LIBRARY = "libc++";
				CLANG_ENABLE_MODULES = YES;
				CLANG_ENABLE_OBJC_ARC = YES;
				CLANG_WARN_BLOCK_CAPTURE_AUTORELEASING = YES;
				CLANG_WARN_BOOL_CONVERSION = YES;
				CLANG_WARN_COMMA = YES;
				CLANG_WARN_CONSTANT_CONVERSION = YES;
				CLANG_WARN_DIRECT_OBJC_ISA_USAGE = YES_ERROR;
				CLANG_WARN_DOCUMENTATION_COMMENTS = YES;
				CLANG_WARN_EMPTY_BODY = YES;
				CLANG_WARN_ENUM_CONVERSION = YES;
				CLANG_WARN_INFINITE_RECURSION = YES;
				CLANG_WARN_INT_CONVERSION = YES;
				CLANG_WARN_NON_LITERAL_NULL_CONVERSION = YES;
				CLANG_WARN_OBJC_LITERAL_CONVERSION = YES;
				CLANG_WARN_OBJC_ROOT_CLASS = YES_ERROR;
				CLANG_WARN_RANGE_LOOP_ANALYSIS = YES;
				CLANG_WARN_STRICT_PROTOTYPES = YES;
				CLANG_WARN_SUSPICIOUS_MOVE = YES;
				CLANG_WARN_UNREACHABLE_CODE = YES;
				CLANG_WARN__DUPLICATE_METHOD_MATCH = YES;
				"CODE_SIGN_IDENTITY[sdk=iphoneos*]" = "iPhone Developer";
				COPY_PHASE_STRIP = NO;
				CURRENT_PROJECT_VERSION = 1;
				DEBUG_INFORMATION_FORMAT = dwarf;
				ENABLE_STRICT_OBJC_MSGSEND = YES;
				ENABLE_TESTABILITY = YES;
				GCC_C_LANGUAGE_STANDARD = gnu99;
				GCC_DYNAMIC_NO_PIC = NO;
				GCC_NO_COMMON_BLOCKS = YES;
				GCC_OPTIMIZATION_LEVEL = 0;
				GCC_PREPROCESSOR_DEFINITIONS = (
					"DEBUG=1",
					"$(inherited)",
				);
				GCC_WARN_64_TO_32_BIT_CONVERSION = YES;
				GCC_WARN_ABOUT_RETURN_TYPE = YES_ERROR;
				GCC_WARN_UNDECLARED_SELECTOR = YES;
				GCC_WARN_UNINITIALIZED_AUTOS = YES_AGGRESSIVE;
				GCC_WARN_UNUSED_FUNCTION = YES;
				GCC_WARN_UNUSED_VARIABLE = YES;
				IPHONEOS_DEPLOYMENT_TARGET = 8.0;
				MTL_ENABLE_DEBUG_INFO = YES;
				ONLY_ACTIVE_ARCH = YES;
				SDKROOT = iphoneos;
				TARGETED_DEVICE_FAMILY = "1,2";
				VERSIONING_SYSTEM = "apple-generic";
				VERSION_INFO_PREFIX = "";
			};
			name = Debug;
		};
		AEC409C51EFB5C610077F4BA /* Release */ = {
			isa = XCBuildConfiguration;
			buildSettings = {
				ALWAYS_SEARCH_USER_PATHS = NO;
				CLANG_ANALYZER_NONNULL = YES;
				CLANG_ANALYZER_NUMBER_OBJECT_CONVERSION = YES_AGGRESSIVE;
				CLANG_CXX_LANGUAGE_STANDARD = "gnu++0x";
				CLANG_CXX_LIBRARY = "libc++";
				CLANG_ENABLE_MODULES = YES;
				CLANG_ENABLE_OBJC_ARC = YES;
				CLANG_WARN_BLOCK_CAPTURE_AUTORELEASING = YES;
				CLANG_WARN_BOOL_CONVERSION = YES;
				CLANG_WARN_COMMA = YES;
				CLANG_WARN_CONSTANT_CONVERSION = YES;
				CLANG_WARN_DIRECT_OBJC_ISA_USAGE = YES_ERROR;
				CLANG_WARN_DOCUMENTATION_COMMENTS = YES;
				CLANG_WARN_EMPTY_BODY = YES;
				CLANG_WARN_ENUM_CONVERSION = YES;
				CLANG_WARN_INFINITE_RECURSION = YES;
				CLANG_WARN_INT_CONVERSION = YES;
				CLANG_WARN_NON_LITERAL_NULL_CONVERSION = YES;
				CLANG_WARN_OBJC_LITERAL_CONVERSION = YES;
				CLANG_WARN_OBJC_ROOT_CLASS = YES_ERROR;
				CLANG_WARN_RANGE_LOOP_ANALYSIS = YES;
				CLANG_WARN_STRICT_PROTOTYPES = YES;
				CLANG_WARN_SUSPICIOUS_MOVE = YES;
				CLANG_WARN_UNREACHABLE_CODE = YES;
				CLANG_WARN__DUPLICATE_METHOD_MATCH = YES;
				"CODE_SIGN_IDENTITY[sdk=iphoneos*]" = "iPhone Developer";
				COPY_PHASE_STRIP = NO;
				CURRENT_PROJECT_VERSION = 1;
				DEBUG_INFORMATION_FORMAT = "dwarf-with-dsym";
				ENABLE_NS_ASSERTIONS = NO;
				ENABLE_STRICT_OBJC_MSGSEND = YES;
				GCC_C_LANGUAGE_STANDARD = gnu99;
				GCC_NO_COMMON_BLOCKS = YES;
				GCC_WARN_64_TO_32_BIT_CONVERSION = YES;
				GCC_WARN_ABOUT_RETURN_TYPE = YES_ERROR;
				GCC_WARN_UNDECLARED_SELECTOR = YES;
				GCC_WARN_UNINITIALIZED_AUTOS = YES_AGGRESSIVE;
				GCC_WARN_UNUSED_FUNCTION = YES;
				GCC_WARN_UNUSED_VARIABLE = YES;
				IPHONEOS_DEPLOYMENT_TARGET = 8.0;
				MTL_ENABLE_DEBUG_INFO = NO;
				SDKROOT = iphoneos;
				TARGETED_DEVICE_FAMILY = "1,2";
				VALIDATE_PRODUCT = YES;
				VERSIONING_SYSTEM = "apple-generic";
				VERSION_INFO_PREFIX = "";
			};
			name = Release;
		};
		AEC409C71EFB5C610077F4BA /* Debug */ = {
			isa = XCBuildConfiguration;
			baseConfigurationReference = 47679CB88DF9DF061053125A /* Pods-YunKits.debug.xcconfig */;
			buildSettings = {
				CODE_SIGN_IDENTITY = "";
				DEFINES_MODULE = YES;
				DEVELOPMENT_TEAM = 9WMKP2SNG2;
				DYLIB_COMPATIBILITY_VERSION = 1;
				DYLIB_CURRENT_VERSION = 1;
				DYLIB_INSTALL_NAME_BASE = "@rpath";
				INFOPLIST_FILE = YunKits/Info.plist;
				INSTALL_PATH = "$(LOCAL_LIBRARY_DIR)/Frameworks";
				IPHONEOS_DEPLOYMENT_TARGET = 9.0;
				LD_RUNPATH_SEARCH_PATHS = "$(inherited) @executable_path/Frameworks @loader_path/Frameworks";
				PRODUCT_BUNDLE_IDENTIFIER = com.yun.YunKits;
				PRODUCT_NAME = "$(TARGET_NAME)";
				SKIP_INSTALL = YES;
				USER_HEADER_SEARCH_PATHS = "\"${PROJECT_DIR}/Pods\"/**";
			};
			name = Debug;
		};
		AEC409C81EFB5C610077F4BA /* Release */ = {
			isa = XCBuildConfiguration;
			baseConfigurationReference = DFF9080209758A7050875199 /* Pods-YunKits.release.xcconfig */;
			buildSettings = {
				CODE_SIGN_IDENTITY = "";
				DEFINES_MODULE = YES;
				DEVELOPMENT_TEAM = 9WMKP2SNG2;
				DYLIB_COMPATIBILITY_VERSION = 1;
				DYLIB_CURRENT_VERSION = 1;
				DYLIB_INSTALL_NAME_BASE = "@rpath";
				INFOPLIST_FILE = YunKits/Info.plist;
				INSTALL_PATH = "$(LOCAL_LIBRARY_DIR)/Frameworks";
				IPHONEOS_DEPLOYMENT_TARGET = 9.0;
				LD_RUNPATH_SEARCH_PATHS = "$(inherited) @executable_path/Frameworks @loader_path/Frameworks";
				PRODUCT_BUNDLE_IDENTIFIER = com.yun.YunKits;
				PRODUCT_NAME = "$(TARGET_NAME)";
				SKIP_INSTALL = YES;
				USER_HEADER_SEARCH_PATHS = "\"${PROJECT_DIR}/Pods\"/**";
			};
			name = Release;
		};
/* End XCBuildConfiguration section */

/* Begin XCConfigurationList section */
		AEC409B81EFB5C610077F4BA /* Build configuration list for PBXProject "YunKits" */ = {
			isa = XCConfigurationList;
			buildConfigurations = (
				AEC409C41EFB5C610077F4BA /* Debug */,
				AEC409C51EFB5C610077F4BA /* Release */,
			);
			defaultConfigurationIsVisible = 0;
			defaultConfigurationName = Release;
		};
		AEC409C61EFB5C610077F4BA /* Build configuration list for PBXNativeTarget "YunKits" */ = {
			isa = XCConfigurationList;
			buildConfigurations = (
				AEC409C71EFB5C610077F4BA /* Debug */,
				AEC409C81EFB5C610077F4BA /* Release */,
			);
			defaultConfigurationIsVisible = 0;
			defaultConfigurationName = Release;
		};
/* End XCConfigurationList section */
	};
	rootObject = AEC409B51EFB5C610077F4BA /* Project object */;
}
